
Microsoft Visual Studio Solution File, Format Version 10.00
# Visual Studio 2008
Project("{8BC9CEB8-8B4A-11D0-8D11-00A0C91BC942}") = "Lecture09", "Lecture09\Lecture09.vcproj", "{67B4A78A-A938-4007-A6F1-2F3C8D33B9B8}"
EndProject
Project("{8BC9CEB8-8B4A-11D0-8D11-00A0C91BC942}") = "p278", "p278\p278.vcproj", "{7BDF38C4-95FE-4094-B225-ADA4A05AE2F5}"
EndProject
Project("{8BC9CEB8-8B4A-11D0-8D11-00A0C91BC942}") = "p278-1", "p278-1\p278-1.vcproj", "{C001C6D6-D5A8-430D-B164-1B5708372751}"
EndProject
Project("{8BC9CEB8-8B4A-11D0-8D11-00A0C91BC942}") = "p279-euler", "p279\p279.vcproj", "{74815168-1FD6-4B31-9B19-2C42548DB9DE}"
EndProject
Project("{8BC9CEB8-8B4A-11D0-8D11-00A0C91BC942}") = "p278-2", "p278-2\p278-2.vcproj", "{411A8A7F-AFC7-4A71-96E3-E38FBEFD15CC}"
EndProject
Project("{8BC9CEB8-8B4A-11D0-8D11-00A0C91BC942}") = "p278-3", "p278-3\p278-3.vcproj", "{353C5444-BBE7-4D77-A33A-0CC2E2E2B4BE}"
EndProject
Project("{8BC9CEB8-8B4A-11D0-8D11-00A0C91BC942}") = "p281", "p281\p281.vcproj", "{B8236F15-A0CF-42B5-81BD-C617624FB34F}"
EndProject
Project("{8BC9CEB8-8B4A-11D0-8D11-00A0C91BC942}") = "p279-euler-1", "p279-euler-1\p279-euler-1.vcproj", "{DF080E5B-44C5-44A1-9E1E-E2284F03BC33}"
EndProject
Project("{8BC9CEB8-8B4A-11D0-8D11-00A0C91BC942}") = "p283", "p283\p283.vcproj", "{0705B79E-FD00-4D60-A635-BC5626B760FF}"
EndProject
Project("{8BC9CEB8-8B4A-11D0-8D11-00A0C91BC942}") = "p285", "p285\p285.vcproj", "{2203482C-8B97-479D-88F0-E191E824F58C}"
EndProject
Project("{8BC9CEB8-8B4A-11D0-8D11-00A0C91BC942}") = "p286-FermaTest", "p286\p286.vcproj", "{62AE2414-9526-4CB8-871E-CF74E49C665B}"
EndProject
Project("{8BC9CEB8-8B4A-11D0-8D11-00A0C91BC942}") = "p287", "p287\p287.vcproj", "{721D32DC-D0F2-4CBB-8F1D-BE9559FDBC9D}"
EndProject
Project("{8BC9CEB8-8B4A-11D0-8D11-00A0C91BC942}") = "p289-Miller-Rabin", "p289\p289.vcproj", "{C71CD954-C572-4E0F-B77F-DCFF02D9ABF8}"
EndProject
Project("{8BC9CEB8-8B4A-11D0-8D11-00A0C91BC942}") = "p291-CombiTest", "p291\p291.vcproj", "{9907E42E-9376-4E50-8CFA-D327604171B3}"
EndProject
Project("{8BC9CEB8-8B4A-11D0-8D11-00A0C91BC942}") = "p293", "p293\p293.vcproj", "{99C41CEC-241C-4FB0-B8A0-13AC6FB71F3F}"
EndProject
Project("{8BC9CEB8-8B4A-11D0-8D11-00A0C91BC942}") = "p294_Ferma_Factorization", "p294\p294.vcproj", "{051F2819-6F2E-48DE-A87C-202CF8660B5D}"
EndProject
Project("{8BC9CEB8-8B4A-11D0-8D11-00A0C91BC942}") = "p295_Pollard_p1-Factorization", "p295\p295.vcproj", "{9C1534A1-3CD7-4D49-A083-1340D8FE17FF}"
EndProject
Project("{8BC9CEB8-8B4A-11D0-8D11-00A0C91BC942}") = "p297-Pollard-Rho", "p297-Pollard-Rho\p297-Pollard-Rho.vcproj", "{7C3B5EBF-F27D-4376-A5DC-699499421C84}"
EndProject
Global
	GlobalSection(SolutionConfigurationPlatforms) = preSolution
		Debug|Win32 = Debug|Win32
		Release|Win32 = Release|Win32
	EndGlobalSection
	GlobalSection(ProjectConfigurationPlatforms) = postSolution
		{67B4A78A-A938-4007-A6F1-2F3C8D33B9B8}.Debug|Win32.ActiveCfg = Debug|Win32
		{67B4A78A-A938-4007-A6F1-2F3C8D33B9B8}.Debug|Win32.Build.0 = Debug|Win32
		{67B4A78A-A938-4007-A6F1-2F3C8D33B9B8}.Release|Win32.ActiveCfg = Release|Win32
		{67B4A78A-A938-4007-A6F1-2F3C8D33B9B8}.Release|Win32.Build.0 = Release|Win32
		{7BDF38C4-95FE-4094-B225-ADA4A05AE2F5}.Debug|Win32.ActiveCfg = Debug|Win32
		{7BDF38C4-95FE-4094-B225-ADA4A05AE2F5}.Debug|Win32.Build.0 = Debug|Win32
		{7BDF38C4-95FE-4094-B225-ADA4A05AE2F5}.Release|Win32.ActiveCfg = Release|Win32
		{7BDF38C4-95FE-4094-B225-ADA4A05AE2F5}.Release|Win32.Build.0 = Release|Win32
		{C001C6D6-D5A8-430D-B164-1B5708372751}.Debug|Win32.ActiveCfg = Debug|Win32
		{C001C6D6-D5A8-430D-B164-1B5708372751}.Debug|Win32.Build.0 = Debug|Win32
		{C001C6D6-D5A8-430D-B164-1B5708372751}.Release|Win32.ActiveCfg = Release|Win32
		{C001C6D6-D5A8-430D-B164-1B5708372751}.Release|Win32.Build.0 = Release|Win32
		{74815168-1FD6-4B31-9B19-2C42548DB9DE}.Debug|Win32.ActiveCfg = Debug|Win32
		{74815168-1FD6-4B31-9B19-2C42548DB9DE}.Debug|Win32.Build.0 = Debug|Win32
		{74815168-1FD6-4B31-9B19-2C42548DB9DE}.Release|Win32.ActiveCfg = Release|Win32
		{74815168-1FD6-4B31-9B19-2C42548DB9DE}.Release|Win32.Build.0 = Release|Win32
		{411A8A7F-AFC7-4A71-96E3-E38FBEFD15CC}.Debug|Win32.ActiveCfg = Debug|Win32
		{411A8A7F-AFC7-4A71-96E3-E38FBEFD15CC}.Debug|Win32.Build.0 = Debug|Win32
		{411A8A7F-AFC7-4A71-96E3-E38FBEFD15CC}.Release|Win32.ActiveCfg = Release|Win32
		{411A8A7F-AFC7-4A71-96E3-E38FBEFD15CC}.Release|Win32.Build.0 = Release|Win32
		{353C5444-BBE7-4D77-A33A-0CC2E2E2B4BE}.Debug|Win32.ActiveCfg = Debug|Win32
		{353C5444-BBE7-4D77-A33A-0CC2E2E2B4BE}.Debug|Win32.Build.0 = Debug|Win32
		{353C5444-BBE7-4D77-A33A-0CC2E2E2B4BE}.Release|Win32.ActiveCfg = Release|Win32
		{353C5444-BBE7-4D77-A33A-0CC2E2E2B4BE}.Release|Win32.Build.0 = Release|Win32
		{B8236F15-A0CF-42B5-81BD-C617624FB34F}.Debug|Win32.ActiveCfg = Debug|Win32
		{B8236F15-A0CF-42B5-81BD-C617624FB34F}.Debug|Win32.Build.0 = Debug|Win32
		{B8236F15-A0CF-42B5-81BD-C617624FB34F}.Release|Win32.ActiveCfg = Release|Win32
		{B8236F15-A0CF-42B5-81BD-C617624FB34F}.Release|Win32.Build.0 = Release|Win32
		{DF080E5B-44C5-44A1-9E1E-E2284F03BC33}.Debug|Win32.ActiveCfg = Debug|Win32
		{DF080E5B-44C5-44A1-9E1E-E2284F03BC33}.Debug|Win32.Build.0 = Debug|Win32
		{DF080E5B-44C5-44A1-9E1E-E2284F03BC33}.Release|Win32.ActiveCfg = Release|Win32
		{DF080E5B-44C5-44A1-9E1E-E2284F03BC33}.Release|Win32.Build.0 = Release|Win32
		{0705B79E-FD00-4D60-A635-BC5626B760FF}.Debug|Win32.ActiveCfg = Debug|Win32
		{0705B79E-FD00-4D60-A635-BC5626B760FF}.Debug|Win32.Build.0 = Debug|Win32
		{0705B79E-FD00-4D60-A635-BC5626B760FF}.Release|Win32.ActiveCfg = Release|Win32
		{0705B79E-FD00-4D60-A635-BC5626B760FF}.Release|Win32.Build.0 = Release|Win32
		{2203482C-8B97-479D-88F0-E191E824F58C}.Debug|Win32.ActiveCfg = Debug|Win32
		{2203482C-8B97-479D-88F0-E191E824F58C}.Debug|Win32.Build.0 = Debug|Win32
		{2203482C-8B97-479D-88F0-E191E824F58C}.Release|Win32.ActiveCfg = Release|Win32
		{2203482C-8B97-479D-88F0-E191E824F58C}.Release|Win32.Build.0 = Release|Win32
		{62AE2414-9526-4CB8-871E-CF74E49C665B}.Debug|Win32.ActiveCfg = Debug|Win32
		{62AE2414-9526-4CB8-871E-CF74E49C665B}.Debug|Win32.Build.0 = Debug|Win32
		{62AE2414-9526-4CB8-871E-CF74E49C665B}.Release|Win32.ActiveCfg = Release|Win32
		{62AE2414-9526-4CB8-871E-CF74E49C665B}.Release|Win32.Build.0 = Release|Win32
		{721D32DC-D0F2-4CBB-8F1D-BE9559FDBC9D}.Debug|Win32.ActiveCfg = Debug|Win32
		{721D32DC-D0F2-4CBB-8F1D-BE9559FDBC9D}.Debug|Win32.Build.0 = Debug|Win32
		{721D32DC-D0F2-4CBB-8F1D-BE9559FDBC9D}.Release|Win32.ActiveCfg = Release|Win32
		{721D32DC-D0F2-4CBB-8F1D-BE9559FDBC9D}.Release|Win32.Build.0 = Release|Win32
		{C71CD954-C572-4E0F-B77F-DCFF02D9ABF8}.Debug|Win32.ActiveCfg = Debug|Win32
		{C71CD954-C572-4E0F-B77F-DCFF02D9ABF8}.Debug|Win32.Build.0 = Debug|Win32
		{C71CD954-C572-4E0F-B77F-DCFF02D9ABF8}.Release|Win32.ActiveCfg = Release|Win32
		{C71CD954-C572-4E0F-B77F-DCFF02D9ABF8}.Release|Win32.Build.0 = Release|Win32
		{9907E42E-9376-4E50-8CFA-D327604171B3}.Debug|Win32.ActiveCfg = Debug|Win32
		{9907E42E-9376-4E50-8CFA-D327604171B3}.Debug|Win32.Build.0 = Debug|Win32
		{9907E42E-9376-4E50-8CFA-D327604171B3}.Release|Win32.ActiveCfg = Release|Win32
		{9907E42E-9376-4E50-8CFA-D327604171B3}.Release|Win32.Build.0 = Release|Win32
		{99C41CEC-241C-4FB0-B8A0-13AC6FB71F3F}.Debug|Win32.ActiveCfg = Debug|Win32
		{99C41CEC-241C-4FB0-B8A0-13AC6FB71F3F}.Debug|Win32.Build.0 = Debug|Win32
		{99C41CEC-241C-4FB0-B8A0-13AC6FB71F3F}.Release|Win32.ActiveCfg = Release|Win32
		{99C41CEC-241C-4FB0-B8A0-13AC6FB71F3F}.Release|Win32.Build.0 = Release|Win32
		{051F2819-6F2E-48DE-A87C-202CF8660B5D}.Debug|Win32.ActiveCfg = Debug|Win32
		{051F2819-6F2E-48DE-A87C-202CF8660B5D}.Debug|Win32.Build.0 = Debug|Win32
		{051F2819-6F2E-48DE-A87C-202CF8660B5D}.Release|Win32.ActiveCfg = Release|Win32
		{051F2819-6F2E-48DE-A87C-202CF8660B5D}.Release|Win32.Build.0 = Release|Win32
		{9C1534A1-3CD7-4D49-A083-1340D8FE17FF}.Debug|Win32.ActiveCfg = Debug|Win32
		{9C1534A1-3CD7-4D49-A083-1340D8FE17FF}.Debug|Win32.Build.0 = Debug|Win32
		{9C1534A1-3CD7-4D49-A083-1340D8FE17FF}.Release|Win32.ActiveCfg = Release|Win32
		{9C1534A1-3CD7-4D49-A083-1340D8FE17FF}.Release|Win32.Build.0 = Release|Win32
		{7C3B5EBF-F27D-4376-A5DC-699499421C84}.Debug|Win32.ActiveCfg = Debug|Win32
		{7C3B5EBF-F27D-4376-A5DC-699499421C84}.Debug|Win32.Build.0 = Debug|Win32
		{7C3B5EBF-F27D-4376-A5DC-699499421C84}.Release|Win32.ActiveCfg = Release|Win32
		{7C3B5EBF-F27D-4376-A5DC-699499421C84}.Release|Win32.Build.0 = Release|Win32
	EndGlobalSection
	GlobalSection(SolutionProperties) = preSolution
		HideSolutionNode = FALSE
	EndGlobalSection
EndGlobal
