
Microsoft Visual Studio Solution File, Format Version 10.00
# Visual Studio 2008
Project("{8BC9CEB8-8B4A-11D0-8D11-00A0C91BC942}") = "Lecture03", "Lecture03\Lecture03.vcproj", "{7F8001B8-8AC0-4B47-923C-DB4CB160FC8C}"
EndProject
Project("{8BC9CEB8-8B4A-11D0-8D11-00A0C91BC942}") = "p081-shift", "p081\p081.vcproj", "{2E30810E-5734-4A6B-A664-B12B92D73AF0}"
EndProject
Project("{8BC9CEB8-8B4A-11D0-8D11-00A0C91BC942}") = "p083", "p083\p083.vcproj", "{153E9DA5-5789-45E6-8852-05AD08AABC6E}"
EndProject
Project("{8BC9CEB8-8B4A-11D0-8D11-00A0C91BC942}") = "p085-mult", "p085\p085.vcproj", "{43D421F0-72A2-442F-B727-C06632E14DE2}"
EndProject
Project("{8BC9CEB8-8B4A-11D0-8D11-00A0C91BC942}") = "p086-afin", "p086\p086.vcproj", "{767BD8C3-43EC-4930-8C65-8200FE811D5D}"
EndProject
Project("{8BC9CEB8-8B4A-11D0-8D11-00A0C91BC942}") = "p087-afin-ca", "p087\p087.vcproj", "{83DAB7AD-BBCD-4B50-930A-EBC5D3FBCC84}"
EndProject
Project("{8BC9CEB8-8B4A-11D0-8D11-00A0C91BC942}") = "p088", "p088\p088.vcproj", "{812C7F8A-A8DA-486A-848C-D1956504A2B0}"
EndProject
Project("{8BC9CEB8-8B4A-11D0-8D11-00A0C91BC942}") = "p090-autokey", "p090\p090.vcproj", "{711CBE9F-D2C7-46F1-B756-9B10D537452B}"
EndProject
Project("{8BC9CEB8-8B4A-11D0-8D11-00A0C91BC942}") = "p092-Vigenere", "p092\p092.vcproj", "{6949DA73-6772-4B75-B612-355E829CEB36}"
EndProject
Project("{8BC9CEB8-8B4A-11D0-8D11-00A0C91BC942}") = "p096-Hill", "p096\p096.vcproj", "{B7CC2899-B478-4301-8F97-EDD164EC47D8}"
EndProject
Project("{8BC9CEB8-8B4A-11D0-8D11-00A0C91BC942}") = "p102-permute-1", "p102\p102.vcproj", "{E3FD4039-6580-498F-BA30-5FEC8F0E7A3B}"
EndProject
Project("{8BC9CEB8-8B4A-11D0-8D11-00A0C91BC942}") = "p103-permute-2", "p103\p103.vcproj", "{26ED16A3-A248-4182-AFF8-D8DD60658F34}"
EndProject
Project("{8BC9CEB8-8B4A-11D0-8D11-00A0C91BC942}") = "p104-permute-3", "p104\p104.vcproj", "{17241BD7-15B6-40C9-94A8-70B85092FB2C}"
EndProject
Project("{8BC9CEB8-8B4A-11D0-8D11-00A0C91BC942}") = "p105-perm-keys", "p105\p105.vcproj", "{5E23F3F5-BA28-44DF-B35E-AE353A47CCDF}"
EndProject
Project("{8BC9CEB8-8B4A-11D0-8D11-00A0C91BC942}") = "p106-perm-matrix", "p106\p106.vcproj", "{B6A22373-6E45-4D8E-8A03-977C323F7055}"
EndProject
Project("{8BC9CEB8-8B4A-11D0-8D11-00A0C91BC942}") = "p108-perm-2", "p108\p108.vcproj", "{E36A1B17-6928-47B0-88E4-D6EB8F757649}"
EndProject
Project("{8BC9CEB8-8B4A-11D0-8D11-00A0C91BC942}") = "ex05", "ex05\ex05.vcproj", "{29983B17-08CC-4C23-ABEA-87A4AA78B5F1}"
EndProject
Project("{8BC9CEB8-8B4A-11D0-8D11-00A0C91BC942}") = "ex11-a", "ex11-a\ex11-a.vcproj", "{5BFDF6EF-68E0-4560-86CA-7F08F03DEC36}"
EndProject
Project("{8BC9CEB8-8B4A-11D0-8D11-00A0C91BC942}") = "ex11-b", "ex11-b\ex11-b.vcproj", "{3727BB23-EE5B-4F3C-B886-213159135822}"
EndProject
Project("{8BC9CEB8-8B4A-11D0-8D11-00A0C91BC942}") = "ex11-c", "ex11-c\ex11-c.vcproj", "{06A2FEA8-B356-44C4-BCC1-083B366F53D7}"
EndProject
Project("{8BC9CEB8-8B4A-11D0-8D11-00A0C91BC942}") = "ex12-a", "ex12-a\ex12-a.vcproj", "{982348D9-FBBB-4AF4-8E23-4FE6785181CB}"
EndProject
Project("{8BC9CEB8-8B4A-11D0-8D11-00A0C91BC942}") = "p090-playfair", "p090-playfair\p090-playfair.vcproj", "{CB9F6F4A-72FB-4515-B9A9-214471088F8E}"
EndProject
Project("{8BC9CEB8-8B4A-11D0-8D11-00A0C91BC942}") = "ex12-b", "ex12-b\ex12-b.vcproj", "{BE44F4A6-A04C-4B22-9212-BE23AC3CEAFE}"
EndProject
Project("{8BC9CEB8-8B4A-11D0-8D11-00A0C91BC942}") = "ex13", "ex13\ex13.vcproj", "{76F0845C-1E5A-48B8-BAC5-FAE4ECA226BD}"
EndProject
Project("{8BC9CEB8-8B4A-11D0-8D11-00A0C91BC942}") = "ex15", "ex15\ex15.vcproj", "{0B33FD99-A9F2-4C8D-9788-70FB56476637}"
EndProject
Project("{8BC9CEB8-8B4A-11D0-8D11-00A0C91BC942}") = "ex16", "ex16\ex16.vcproj", "{873CB525-B64C-44AD-BF14-BE476343D23B}"
EndProject
Project("{8BC9CEB8-8B4A-11D0-8D11-00A0C91BC942}") = "ex18", "ex18\ex18.vcproj", "{772DA124-CA3B-424D-8A96-8429ABE4ADC9}"
EndProject
Project("{8BC9CEB8-8B4A-11D0-8D11-00A0C91BC942}") = "ex19", "ex19\ex19.vcproj", "{C449AFA3-D1BA-4FDF-A06B-705A73E876B7}"
EndProject
Project("{8BC9CEB8-8B4A-11D0-8D11-00A0C91BC942}") = "ex19-1", "ex19-1\ex19-1.vcproj", "{80FFE62A-11BE-48C0-A435-6CA8250609C6}"
EndProject
Project("{8BC9CEB8-8B4A-11D0-8D11-00A0C91BC942}") = "ex20", "ex20\ex20.vcproj", "{A7588D78-C48A-4171-948B-761A44363B27}"
EndProject
Project("{8BC9CEB8-8B4A-11D0-8D11-00A0C91BC942}") = "ex20-1", "ex20-1\ex20-1.vcproj", "{774E9A53-A01F-44F3-8BC2-E879AEFDE387}"
EndProject
Project("{8BC9CEB8-8B4A-11D0-8D11-00A0C91BC942}") = "ex24", "ex24\ex24.vcproj", "{07F2B972-7D4B-4457-BC47-2C7112DE4332}"
EndProject
Project("{8BC9CEB8-8B4A-11D0-8D11-00A0C91BC942}") = "ex25", "ex25\ex25.vcproj", "{006E6406-F35C-4096-9FE9-C8A72DEAF2E2}"
EndProject
Project("{2150E333-8FDC-42A3-9474-1A3956D46DE8}") = "Solution Items", "Solution Items", "{2E754B71-D5C1-405C-8239-BFE332C3CE5E}"
EndProject
Project("{8BC9CEB8-8B4A-11D0-8D11-00A0C91BC942}") = "ex26", "ex26\ex26.vcproj", "{A153607B-0B97-4895-B673-FA68F45A72D6}"
EndProject
Project("{8BC9CEB8-8B4A-11D0-8D11-00A0C91BC942}") = "ex28", "ex28\ex28.vcproj", "{D00CBD12-BC6F-40E5-982A-2203838D954C}"
EndProject
Project("{8BC9CEB8-8B4A-11D0-8D11-00A0C91BC942}") = "ex30", "ex30\ex30.vcproj", "{3F7AF26F-27D2-4DE8-B224-4C6C0B8C642B}"
EndProject
Project("{8BC9CEB8-8B4A-11D0-8D11-00A0C91BC942}") = "ex31", "ex31\ex31.vcproj", "{0DA68949-2126-4287-A446-AB483EC39AB3}"
EndProject
Global
	GlobalSection(SolutionConfigurationPlatforms) = preSolution
		Debug|Win32 = Debug|Win32
		Release|Win32 = Release|Win32
	EndGlobalSection
	GlobalSection(ProjectConfigurationPlatforms) = postSolution
		{7F8001B8-8AC0-4B47-923C-DB4CB160FC8C}.Debug|Win32.ActiveCfg = Debug|Win32
		{7F8001B8-8AC0-4B47-923C-DB4CB160FC8C}.Debug|Win32.Build.0 = Debug|Win32
		{7F8001B8-8AC0-4B47-923C-DB4CB160FC8C}.Release|Win32.ActiveCfg = Release|Win32
		{7F8001B8-8AC0-4B47-923C-DB4CB160FC8C}.Release|Win32.Build.0 = Release|Win32
		{2E30810E-5734-4A6B-A664-B12B92D73AF0}.Debug|Win32.ActiveCfg = Debug|Win32
		{2E30810E-5734-4A6B-A664-B12B92D73AF0}.Debug|Win32.Build.0 = Debug|Win32
		{2E30810E-5734-4A6B-A664-B12B92D73AF0}.Release|Win32.ActiveCfg = Release|Win32
		{2E30810E-5734-4A6B-A664-B12B92D73AF0}.Release|Win32.Build.0 = Release|Win32
		{153E9DA5-5789-45E6-8852-05AD08AABC6E}.Debug|Win32.ActiveCfg = Debug|Win32
		{153E9DA5-5789-45E6-8852-05AD08AABC6E}.Debug|Win32.Build.0 = Debug|Win32
		{153E9DA5-5789-45E6-8852-05AD08AABC6E}.Release|Win32.ActiveCfg = Release|Win32
		{153E9DA5-5789-45E6-8852-05AD08AABC6E}.Release|Win32.Build.0 = Release|Win32
		{43D421F0-72A2-442F-B727-C06632E14DE2}.Debug|Win32.ActiveCfg = Debug|Win32
		{43D421F0-72A2-442F-B727-C06632E14DE2}.Debug|Win32.Build.0 = Debug|Win32
		{43D421F0-72A2-442F-B727-C06632E14DE2}.Release|Win32.ActiveCfg = Release|Win32
		{43D421F0-72A2-442F-B727-C06632E14DE2}.Release|Win32.Build.0 = Release|Win32
		{767BD8C3-43EC-4930-8C65-8200FE811D5D}.Debug|Win32.ActiveCfg = Debug|Win32
		{767BD8C3-43EC-4930-8C65-8200FE811D5D}.Debug|Win32.Build.0 = Debug|Win32
		{767BD8C3-43EC-4930-8C65-8200FE811D5D}.Release|Win32.ActiveCfg = Release|Win32
		{767BD8C3-43EC-4930-8C65-8200FE811D5D}.Release|Win32.Build.0 = Release|Win32
		{83DAB7AD-BBCD-4B50-930A-EBC5D3FBCC84}.Debug|Win32.ActiveCfg = Debug|Win32
		{83DAB7AD-BBCD-4B50-930A-EBC5D3FBCC84}.Debug|Win32.Build.0 = Debug|Win32
		{83DAB7AD-BBCD-4B50-930A-EBC5D3FBCC84}.Release|Win32.ActiveCfg = Release|Win32
		{83DAB7AD-BBCD-4B50-930A-EBC5D3FBCC84}.Release|Win32.Build.0 = Release|Win32
		{812C7F8A-A8DA-486A-848C-D1956504A2B0}.Debug|Win32.ActiveCfg = Debug|Win32
		{812C7F8A-A8DA-486A-848C-D1956504A2B0}.Debug|Win32.Build.0 = Debug|Win32
		{812C7F8A-A8DA-486A-848C-D1956504A2B0}.Release|Win32.ActiveCfg = Release|Win32
		{812C7F8A-A8DA-486A-848C-D1956504A2B0}.Release|Win32.Build.0 = Release|Win32
		{711CBE9F-D2C7-46F1-B756-9B10D537452B}.Debug|Win32.ActiveCfg = Debug|Win32
		{711CBE9F-D2C7-46F1-B756-9B10D537452B}.Debug|Win32.Build.0 = Debug|Win32
		{711CBE9F-D2C7-46F1-B756-9B10D537452B}.Release|Win32.ActiveCfg = Release|Win32
		{711CBE9F-D2C7-46F1-B756-9B10D537452B}.Release|Win32.Build.0 = Release|Win32
		{6949DA73-6772-4B75-B612-355E829CEB36}.Debug|Win32.ActiveCfg = Debug|Win32
		{6949DA73-6772-4B75-B612-355E829CEB36}.Debug|Win32.Build.0 = Debug|Win32
		{6949DA73-6772-4B75-B612-355E829CEB36}.Release|Win32.ActiveCfg = Release|Win32
		{6949DA73-6772-4B75-B612-355E829CEB36}.Release|Win32.Build.0 = Release|Win32
		{B7CC2899-B478-4301-8F97-EDD164EC47D8}.Debug|Win32.ActiveCfg = Debug|Win32
		{B7CC2899-B478-4301-8F97-EDD164EC47D8}.Debug|Win32.Build.0 = Debug|Win32
		{B7CC2899-B478-4301-8F97-EDD164EC47D8}.Release|Win32.ActiveCfg = Release|Win32
		{B7CC2899-B478-4301-8F97-EDD164EC47D8}.Release|Win32.Build.0 = Release|Win32
		{E3FD4039-6580-498F-BA30-5FEC8F0E7A3B}.Debug|Win32.ActiveCfg = Debug|Win32
		{E3FD4039-6580-498F-BA30-5FEC8F0E7A3B}.Debug|Win32.Build.0 = Debug|Win32
		{E3FD4039-6580-498F-BA30-5FEC8F0E7A3B}.Release|Win32.ActiveCfg = Release|Win32
		{E3FD4039-6580-498F-BA30-5FEC8F0E7A3B}.Release|Win32.Build.0 = Release|Win32
		{26ED16A3-A248-4182-AFF8-D8DD60658F34}.Debug|Win32.ActiveCfg = Debug|Win32
		{26ED16A3-A248-4182-AFF8-D8DD60658F34}.Debug|Win32.Build.0 = Debug|Win32
		{26ED16A3-A248-4182-AFF8-D8DD60658F34}.Release|Win32.ActiveCfg = Release|Win32
		{26ED16A3-A248-4182-AFF8-D8DD60658F34}.Release|Win32.Build.0 = Release|Win32
		{17241BD7-15B6-40C9-94A8-70B85092FB2C}.Debug|Win32.ActiveCfg = Debug|Win32
		{17241BD7-15B6-40C9-94A8-70B85092FB2C}.Debug|Win32.Build.0 = Debug|Win32
		{17241BD7-15B6-40C9-94A8-70B85092FB2C}.Release|Win32.ActiveCfg = Release|Win32
		{17241BD7-15B6-40C9-94A8-70B85092FB2C}.Release|Win32.Build.0 = Release|Win32
		{5E23F3F5-BA28-44DF-B35E-AE353A47CCDF}.Debug|Win32.ActiveCfg = Debug|Win32
		{5E23F3F5-BA28-44DF-B35E-AE353A47CCDF}.Debug|Win32.Build.0 = Debug|Win32
		{5E23F3F5-BA28-44DF-B35E-AE353A47CCDF}.Release|Win32.ActiveCfg = Release|Win32
		{5E23F3F5-BA28-44DF-B35E-AE353A47CCDF}.Release|Win32.Build.0 = Release|Win32
		{B6A22373-6E45-4D8E-8A03-977C323F7055}.Debug|Win32.ActiveCfg = Debug|Win32
		{B6A22373-6E45-4D8E-8A03-977C323F7055}.Debug|Win32.Build.0 = Debug|Win32
		{B6A22373-6E45-4D8E-8A03-977C323F7055}.Release|Win32.ActiveCfg = Release|Win32
		{B6A22373-6E45-4D8E-8A03-977C323F7055}.Release|Win32.Build.0 = Release|Win32
		{E36A1B17-6928-47B0-88E4-D6EB8F757649}.Debug|Win32.ActiveCfg = Debug|Win32
		{E36A1B17-6928-47B0-88E4-D6EB8F757649}.Debug|Win32.Build.0 = Debug|Win32
		{E36A1B17-6928-47B0-88E4-D6EB8F757649}.Release|Win32.ActiveCfg = Release|Win32
		{E36A1B17-6928-47B0-88E4-D6EB8F757649}.Release|Win32.Build.0 = Release|Win32
		{29983B17-08CC-4C23-ABEA-87A4AA78B5F1}.Debug|Win32.ActiveCfg = Debug|Win32
		{29983B17-08CC-4C23-ABEA-87A4AA78B5F1}.Debug|Win32.Build.0 = Debug|Win32
		{29983B17-08CC-4C23-ABEA-87A4AA78B5F1}.Release|Win32.ActiveCfg = Release|Win32
		{29983B17-08CC-4C23-ABEA-87A4AA78B5F1}.Release|Win32.Build.0 = Release|Win32
		{5BFDF6EF-68E0-4560-86CA-7F08F03DEC36}.Debug|Win32.ActiveCfg = Debug|Win32
		{5BFDF6EF-68E0-4560-86CA-7F08F03DEC36}.Debug|Win32.Build.0 = Debug|Win32
		{5BFDF6EF-68E0-4560-86CA-7F08F03DEC36}.Release|Win32.ActiveCfg = Release|Win32
		{5BFDF6EF-68E0-4560-86CA-7F08F03DEC36}.Release|Win32.Build.0 = Release|Win32
		{3727BB23-EE5B-4F3C-B886-213159135822}.Debug|Win32.ActiveCfg = Debug|Win32
		{3727BB23-EE5B-4F3C-B886-213159135822}.Debug|Win32.Build.0 = Debug|Win32
		{3727BB23-EE5B-4F3C-B886-213159135822}.Release|Win32.ActiveCfg = Release|Win32
		{3727BB23-EE5B-4F3C-B886-213159135822}.Release|Win32.Build.0 = Release|Win32
		{06A2FEA8-B356-44C4-BCC1-083B366F53D7}.Debug|Win32.ActiveCfg = Debug|Win32
		{06A2FEA8-B356-44C4-BCC1-083B366F53D7}.Debug|Win32.Build.0 = Debug|Win32
		{06A2FEA8-B356-44C4-BCC1-083B366F53D7}.Release|Win32.ActiveCfg = Release|Win32
		{06A2FEA8-B356-44C4-BCC1-083B366F53D7}.Release|Win32.Build.0 = Release|Win32
		{982348D9-FBBB-4AF4-8E23-4FE6785181CB}.Debug|Win32.ActiveCfg = Debug|Win32
		{982348D9-FBBB-4AF4-8E23-4FE6785181CB}.Debug|Win32.Build.0 = Debug|Win32
		{982348D9-FBBB-4AF4-8E23-4FE6785181CB}.Release|Win32.ActiveCfg = Release|Win32
		{982348D9-FBBB-4AF4-8E23-4FE6785181CB}.Release|Win32.Build.0 = Release|Win32
		{CB9F6F4A-72FB-4515-B9A9-214471088F8E}.Debug|Win32.ActiveCfg = Debug|Win32
		{CB9F6F4A-72FB-4515-B9A9-214471088F8E}.Debug|Win32.Build.0 = Debug|Win32
		{CB9F6F4A-72FB-4515-B9A9-214471088F8E}.Release|Win32.ActiveCfg = Release|Win32
		{CB9F6F4A-72FB-4515-B9A9-214471088F8E}.Release|Win32.Build.0 = Release|Win32
		{BE44F4A6-A04C-4B22-9212-BE23AC3CEAFE}.Debug|Win32.ActiveCfg = Debug|Win32
		{BE44F4A6-A04C-4B22-9212-BE23AC3CEAFE}.Debug|Win32.Build.0 = Debug|Win32
		{BE44F4A6-A04C-4B22-9212-BE23AC3CEAFE}.Release|Win32.ActiveCfg = Release|Win32
		{BE44F4A6-A04C-4B22-9212-BE23AC3CEAFE}.Release|Win32.Build.0 = Release|Win32
		{76F0845C-1E5A-48B8-BAC5-FAE4ECA226BD}.Debug|Win32.ActiveCfg = Debug|Win32
		{76F0845C-1E5A-48B8-BAC5-FAE4ECA226BD}.Debug|Win32.Build.0 = Debug|Win32
		{76F0845C-1E5A-48B8-BAC5-FAE4ECA226BD}.Release|Win32.ActiveCfg = Release|Win32
		{76F0845C-1E5A-48B8-BAC5-FAE4ECA226BD}.Release|Win32.Build.0 = Release|Win32
		{0B33FD99-A9F2-4C8D-9788-70FB56476637}.Debug|Win32.ActiveCfg = Debug|Win32
		{0B33FD99-A9F2-4C8D-9788-70FB56476637}.Debug|Win32.Build.0 = Debug|Win32
		{0B33FD99-A9F2-4C8D-9788-70FB56476637}.Release|Win32.ActiveCfg = Release|Win32
		{0B33FD99-A9F2-4C8D-9788-70FB56476637}.Release|Win32.Build.0 = Release|Win32
		{873CB525-B64C-44AD-BF14-BE476343D23B}.Debug|Win32.ActiveCfg = Debug|Win32
		{873CB525-B64C-44AD-BF14-BE476343D23B}.Debug|Win32.Build.0 = Debug|Win32
		{873CB525-B64C-44AD-BF14-BE476343D23B}.Release|Win32.ActiveCfg = Release|Win32
		{873CB525-B64C-44AD-BF14-BE476343D23B}.Release|Win32.Build.0 = Release|Win32
		{772DA124-CA3B-424D-8A96-8429ABE4ADC9}.Debug|Win32.ActiveCfg = Debug|Win32
		{772DA124-CA3B-424D-8A96-8429ABE4ADC9}.Debug|Win32.Build.0 = Debug|Win32
		{772DA124-CA3B-424D-8A96-8429ABE4ADC9}.Release|Win32.ActiveCfg = Release|Win32
		{772DA124-CA3B-424D-8A96-8429ABE4ADC9}.Release|Win32.Build.0 = Release|Win32
		{C449AFA3-D1BA-4FDF-A06B-705A73E876B7}.Debug|Win32.ActiveCfg = Debug|Win32
		{C449AFA3-D1BA-4FDF-A06B-705A73E876B7}.Debug|Win32.Build.0 = Debug|Win32
		{C449AFA3-D1BA-4FDF-A06B-705A73E876B7}.Release|Win32.ActiveCfg = Release|Win32
		{C449AFA3-D1BA-4FDF-A06B-705A73E876B7}.Release|Win32.Build.0 = Release|Win32
		{80FFE62A-11BE-48C0-A435-6CA8250609C6}.Debug|Win32.ActiveCfg = Debug|Win32
		{80FFE62A-11BE-48C0-A435-6CA8250609C6}.Debug|Win32.Build.0 = Debug|Win32
		{80FFE62A-11BE-48C0-A435-6CA8250609C6}.Release|Win32.ActiveCfg = Release|Win32
		{80FFE62A-11BE-48C0-A435-6CA8250609C6}.Release|Win32.Build.0 = Release|Win32
		{A7588D78-C48A-4171-948B-761A44363B27}.Debug|Win32.ActiveCfg = Debug|Win32
		{A7588D78-C48A-4171-948B-761A44363B27}.Debug|Win32.Build.0 = Debug|Win32
		{A7588D78-C48A-4171-948B-761A44363B27}.Release|Win32.ActiveCfg = Release|Win32
		{A7588D78-C48A-4171-948B-761A44363B27}.Release|Win32.Build.0 = Release|Win32
		{774E9A53-A01F-44F3-8BC2-E879AEFDE387}.Debug|Win32.ActiveCfg = Debug|Win32
		{774E9A53-A01F-44F3-8BC2-E879AEFDE387}.Debug|Win32.Build.0 = Debug|Win32
		{774E9A53-A01F-44F3-8BC2-E879AEFDE387}.Release|Win32.ActiveCfg = Release|Win32
		{774E9A53-A01F-44F3-8BC2-E879AEFDE387}.Release|Win32.Build.0 = Release|Win32
		{07F2B972-7D4B-4457-BC47-2C7112DE4332}.Debug|Win32.ActiveCfg = Debug|Win32
		{07F2B972-7D4B-4457-BC47-2C7112DE4332}.Debug|Win32.Build.0 = Debug|Win32
		{07F2B972-7D4B-4457-BC47-2C7112DE4332}.Release|Win32.ActiveCfg = Release|Win32
		{07F2B972-7D4B-4457-BC47-2C7112DE4332}.Release|Win32.Build.0 = Release|Win32
		{006E6406-F35C-4096-9FE9-C8A72DEAF2E2}.Debug|Win32.ActiveCfg = Debug|Win32
		{006E6406-F35C-4096-9FE9-C8A72DEAF2E2}.Debug|Win32.Build.0 = Debug|Win32
		{006E6406-F35C-4096-9FE9-C8A72DEAF2E2}.Release|Win32.ActiveCfg = Release|Win32
		{006E6406-F35C-4096-9FE9-C8A72DEAF2E2}.Release|Win32.Build.0 = Release|Win32
		{A153607B-0B97-4895-B673-FA68F45A72D6}.Debug|Win32.ActiveCfg = Debug|Win32
		{A153607B-0B97-4895-B673-FA68F45A72D6}.Debug|Win32.Build.0 = Debug|Win32
		{A153607B-0B97-4895-B673-FA68F45A72D6}.Release|Win32.ActiveCfg = Release|Win32
		{A153607B-0B97-4895-B673-FA68F45A72D6}.Release|Win32.Build.0 = Release|Win32
		{D00CBD12-BC6F-40E5-982A-2203838D954C}.Debug|Win32.ActiveCfg = Debug|Win32
		{D00CBD12-BC6F-40E5-982A-2203838D954C}.Debug|Win32.Build.0 = Debug|Win32
		{D00CBD12-BC6F-40E5-982A-2203838D954C}.Release|Win32.ActiveCfg = Release|Win32
		{D00CBD12-BC6F-40E5-982A-2203838D954C}.Release|Win32.Build.0 = Release|Win32
		{3F7AF26F-27D2-4DE8-B224-4C6C0B8C642B}.Debug|Win32.ActiveCfg = Debug|Win32
		{3F7AF26F-27D2-4DE8-B224-4C6C0B8C642B}.Debug|Win32.Build.0 = Debug|Win32
		{3F7AF26F-27D2-4DE8-B224-4C6C0B8C642B}.Release|Win32.ActiveCfg = Release|Win32
		{3F7AF26F-27D2-4DE8-B224-4C6C0B8C642B}.Release|Win32.Build.0 = Release|Win32
		{0DA68949-2126-4287-A446-AB483EC39AB3}.Debug|Win32.ActiveCfg = Debug|Win32
		{0DA68949-2126-4287-A446-AB483EC39AB3}.Debug|Win32.Build.0 = Debug|Win32
		{0DA68949-2126-4287-A446-AB483EC39AB3}.Release|Win32.ActiveCfg = Release|Win32
		{0DA68949-2126-4287-A446-AB483EC39AB3}.Release|Win32.Build.0 = Release|Win32
	EndGlobalSection
	GlobalSection(SolutionProperties) = preSolution
		HideSolutionNode = FALSE
	EndGlobalSection
EndGlobal
