
Microsoft Visual Studio Solution File, Format Version 10.00
# Visual Studio 2008
Project("{8BC9CEB8-8B4A-11D0-8D11-00A0C91BC942}") = "Lecture07", "Lecture07\Lecture07.vcproj", "{3913191C-B859-4450-83AD-9699D08F517F}"
EndProject
Project("{8BC9CEB8-8B4A-11D0-8D11-00A0C91BC942}") = "p219", "p219\p219.vcproj", "{0872673A-9F15-43D7-8577-41175E84BAD7}"
EndProject
Project("{8BC9CEB8-8B4A-11D0-8D11-00A0C91BC942}") = "p221", "p221\p221.vcproj", "{9F7BC392-A828-44BA-A213-89381426A4BB}"
EndProject
Project("{8BC9CEB8-8B4A-11D0-8D11-00A0C91BC942}") = "p224", "p224\p224.vcproj", "{1C3BB432-270E-41FC-A754-A001D93D49D4}"
EndProject
Project("{8BC9CEB8-8B4A-11D0-8D11-00A0C91BC942}") = "p224-1", "p224-1\p224-1.vcproj", "{5B47347B-D5C7-480A-851A-82928476CB9A}"
EndProject
Project("{8BC9CEB8-8B4A-11D0-8D11-00A0C91BC942}") = "p226", "p226\p226.vcproj", "{49B07050-5B85-47ED-8C81-66ED45BC0C81}"
EndProject
Project("{8BC9CEB8-8B4A-11D0-8D11-00A0C91BC942}") = "p228", "p228\p228.vcproj", "{24B6C455-D2DE-4189-B0B6-196D6E73D5EC}"
EndProject
Project("{8BC9CEB8-8B4A-11D0-8D11-00A0C91BC942}") = "p233", "p233\p233.vcproj", "{8FC475B3-F847-4A51-9CD6-EA5F580E1E56}"
EndProject
Project("{8BC9CEB8-8B4A-11D0-8D11-00A0C91BC942}") = "p238", "p238\p238.vcproj", "{93988AF9-F2B9-44C3-B49F-6E1D021ED82C}"
EndProject
Project("{8BC9CEB8-8B4A-11D0-8D11-00A0C91BC942}") = "p238-1", "p238-1\p238-1.vcproj", "{8E8355E6-E993-447E-BA1B-51D5BE3B9FF4}"
EndProject
Project("{8BC9CEB8-8B4A-11D0-8D11-00A0C91BC942}") = "aes", "aes\aes.vcproj", "{90BA97AF-228F-4F47-95BB-3EBFEFEACD26}"
EndProject
Project("{8BC9CEB8-8B4A-11D0-8D11-00A0C91BC942}") = "p238-2", "p238-2\p238-2.vcproj", "{74C9CE0A-DE09-4B14-85BA-51C6F65ED9C6}"
EndProject
Project("{8BC9CEB8-8B4A-11D0-8D11-00A0C91BC942}") = "aes-1", "aes-1\aes-1.vcproj", "{85BA6FEB-B2F9-4019-9B2D-CE80FE083D80}"
EndProject
Project("{8BC9CEB8-8B4A-11D0-8D11-00A0C91BC942}") = "p239", "p239\p239.vcproj", "{FFB7B0C5-E9A2-4D56-8180-C3EC8D1FF641}"
EndProject
Project("{8BC9CEB8-8B4A-11D0-8D11-00A0C91BC942}") = "aes-2", "aes-2\aes-2.vcproj", "{21D16143-44C8-47A7-802F-D3D6333FEE2C}"
EndProject
Project("{8BC9CEB8-8B4A-11D0-8D11-00A0C91BC942}") = "ex07", "ex07\ex07.vcproj", "{C832A55B-E9A7-479F-A11A-4DDF2C4506E7}"
EndProject
Project("{8BC9CEB8-8B4A-11D0-8D11-00A0C91BC942}") = "ex08", "ex08\ex08.vcproj", "{09523546-A947-414A-90A9-CA6EAB394AF4}"
EndProject
Project("{8BC9CEB8-8B4A-11D0-8D11-00A0C91BC942}") = "ex11", "ex11\ex11.vcproj", "{5107AEB8-201F-44CD-A5C9-77D0DD6D7B27}"
EndProject
Project("{8BC9CEB8-8B4A-11D0-8D11-00A0C91BC942}") = "p236", "p236\p236.vcproj", "{ABA73A97-F97C-4AB5-A994-2BEAAB5C818E}"
EndProject
Project("{8BC9CEB8-8B4A-11D0-8D11-00A0C91BC942}") = "ex11-1", "ex11-1\ex11-1.vcproj", "{88AB113D-9E2B-4A32-BE16-C4E277D8B5AD}"
EndProject
Global
	GlobalSection(SolutionConfigurationPlatforms) = preSolution
		Debug|Win32 = Debug|Win32
		Release|Win32 = Release|Win32
	EndGlobalSection
	GlobalSection(ProjectConfigurationPlatforms) = postSolution
		{3913191C-B859-4450-83AD-9699D08F517F}.Debug|Win32.ActiveCfg = Debug|Win32
		{3913191C-B859-4450-83AD-9699D08F517F}.Debug|Win32.Build.0 = Debug|Win32
		{3913191C-B859-4450-83AD-9699D08F517F}.Release|Win32.ActiveCfg = Release|Win32
		{3913191C-B859-4450-83AD-9699D08F517F}.Release|Win32.Build.0 = Release|Win32
		{0872673A-9F15-43D7-8577-41175E84BAD7}.Debug|Win32.ActiveCfg = Debug|Win32
		{0872673A-9F15-43D7-8577-41175E84BAD7}.Debug|Win32.Build.0 = Debug|Win32
		{0872673A-9F15-43D7-8577-41175E84BAD7}.Release|Win32.ActiveCfg = Release|Win32
		{0872673A-9F15-43D7-8577-41175E84BAD7}.Release|Win32.Build.0 = Release|Win32
		{9F7BC392-A828-44BA-A213-89381426A4BB}.Debug|Win32.ActiveCfg = Debug|Win32
		{9F7BC392-A828-44BA-A213-89381426A4BB}.Debug|Win32.Build.0 = Debug|Win32
		{9F7BC392-A828-44BA-A213-89381426A4BB}.Release|Win32.ActiveCfg = Release|Win32
		{9F7BC392-A828-44BA-A213-89381426A4BB}.Release|Win32.Build.0 = Release|Win32
		{1C3BB432-270E-41FC-A754-A001D93D49D4}.Debug|Win32.ActiveCfg = Debug|Win32
		{1C3BB432-270E-41FC-A754-A001D93D49D4}.Debug|Win32.Build.0 = Debug|Win32
		{1C3BB432-270E-41FC-A754-A001D93D49D4}.Release|Win32.ActiveCfg = Release|Win32
		{1C3BB432-270E-41FC-A754-A001D93D49D4}.Release|Win32.Build.0 = Release|Win32
		{5B47347B-D5C7-480A-851A-82928476CB9A}.Debug|Win32.ActiveCfg = Debug|Win32
		{5B47347B-D5C7-480A-851A-82928476CB9A}.Debug|Win32.Build.0 = Debug|Win32
		{5B47347B-D5C7-480A-851A-82928476CB9A}.Release|Win32.ActiveCfg = Release|Win32
		{5B47347B-D5C7-480A-851A-82928476CB9A}.Release|Win32.Build.0 = Release|Win32
		{49B07050-5B85-47ED-8C81-66ED45BC0C81}.Debug|Win32.ActiveCfg = Debug|Win32
		{49B07050-5B85-47ED-8C81-66ED45BC0C81}.Debug|Win32.Build.0 = Debug|Win32
		{49B07050-5B85-47ED-8C81-66ED45BC0C81}.Release|Win32.ActiveCfg = Release|Win32
		{49B07050-5B85-47ED-8C81-66ED45BC0C81}.Release|Win32.Build.0 = Release|Win32
		{24B6C455-D2DE-4189-B0B6-196D6E73D5EC}.Debug|Win32.ActiveCfg = Debug|Win32
		{24B6C455-D2DE-4189-B0B6-196D6E73D5EC}.Debug|Win32.Build.0 = Debug|Win32
		{24B6C455-D2DE-4189-B0B6-196D6E73D5EC}.Release|Win32.ActiveCfg = Release|Win32
		{24B6C455-D2DE-4189-B0B6-196D6E73D5EC}.Release|Win32.Build.0 = Release|Win32
		{8FC475B3-F847-4A51-9CD6-EA5F580E1E56}.Debug|Win32.ActiveCfg = Debug|Win32
		{8FC475B3-F847-4A51-9CD6-EA5F580E1E56}.Debug|Win32.Build.0 = Debug|Win32
		{8FC475B3-F847-4A51-9CD6-EA5F580E1E56}.Release|Win32.ActiveCfg = Release|Win32
		{8FC475B3-F847-4A51-9CD6-EA5F580E1E56}.Release|Win32.Build.0 = Release|Win32
		{93988AF9-F2B9-44C3-B49F-6E1D021ED82C}.Debug|Win32.ActiveCfg = Debug|Win32
		{93988AF9-F2B9-44C3-B49F-6E1D021ED82C}.Debug|Win32.Build.0 = Debug|Win32
		{93988AF9-F2B9-44C3-B49F-6E1D021ED82C}.Release|Win32.ActiveCfg = Release|Win32
		{93988AF9-F2B9-44C3-B49F-6E1D021ED82C}.Release|Win32.Build.0 = Release|Win32
		{8E8355E6-E993-447E-BA1B-51D5BE3B9FF4}.Debug|Win32.ActiveCfg = Debug|Win32
		{8E8355E6-E993-447E-BA1B-51D5BE3B9FF4}.Debug|Win32.Build.0 = Debug|Win32
		{8E8355E6-E993-447E-BA1B-51D5BE3B9FF4}.Release|Win32.ActiveCfg = Release|Win32
		{8E8355E6-E993-447E-BA1B-51D5BE3B9FF4}.Release|Win32.Build.0 = Release|Win32
		{90BA97AF-228F-4F47-95BB-3EBFEFEACD26}.Debug|Win32.ActiveCfg = Debug|Win32
		{90BA97AF-228F-4F47-95BB-3EBFEFEACD26}.Debug|Win32.Build.0 = Debug|Win32
		{90BA97AF-228F-4F47-95BB-3EBFEFEACD26}.Release|Win32.ActiveCfg = Release|Win32
		{90BA97AF-228F-4F47-95BB-3EBFEFEACD26}.Release|Win32.Build.0 = Release|Win32
		{74C9CE0A-DE09-4B14-85BA-51C6F65ED9C6}.Debug|Win32.ActiveCfg = Debug|Win32
		{74C9CE0A-DE09-4B14-85BA-51C6F65ED9C6}.Debug|Win32.Build.0 = Debug|Win32
		{74C9CE0A-DE09-4B14-85BA-51C6F65ED9C6}.Release|Win32.ActiveCfg = Release|Win32
		{74C9CE0A-DE09-4B14-85BA-51C6F65ED9C6}.Release|Win32.Build.0 = Release|Win32
		{85BA6FEB-B2F9-4019-9B2D-CE80FE083D80}.Debug|Win32.ActiveCfg = Debug|Win32
		{85BA6FEB-B2F9-4019-9B2D-CE80FE083D80}.Debug|Win32.Build.0 = Debug|Win32
		{85BA6FEB-B2F9-4019-9B2D-CE80FE083D80}.Release|Win32.ActiveCfg = Release|Win32
		{85BA6FEB-B2F9-4019-9B2D-CE80FE083D80}.Release|Win32.Build.0 = Release|Win32
		{FFB7B0C5-E9A2-4D56-8180-C3EC8D1FF641}.Debug|Win32.ActiveCfg = Debug|Win32
		{FFB7B0C5-E9A2-4D56-8180-C3EC8D1FF641}.Debug|Win32.Build.0 = Debug|Win32
		{FFB7B0C5-E9A2-4D56-8180-C3EC8D1FF641}.Release|Win32.ActiveCfg = Release|Win32
		{FFB7B0C5-E9A2-4D56-8180-C3EC8D1FF641}.Release|Win32.Build.0 = Release|Win32
		{21D16143-44C8-47A7-802F-D3D6333FEE2C}.Debug|Win32.ActiveCfg = Debug|Win32
		{21D16143-44C8-47A7-802F-D3D6333FEE2C}.Debug|Win32.Build.0 = Debug|Win32
		{21D16143-44C8-47A7-802F-D3D6333FEE2C}.Release|Win32.ActiveCfg = Release|Win32
		{21D16143-44C8-47A7-802F-D3D6333FEE2C}.Release|Win32.Build.0 = Release|Win32
		{C832A55B-E9A7-479F-A11A-4DDF2C4506E7}.Debug|Win32.ActiveCfg = Debug|Win32
		{C832A55B-E9A7-479F-A11A-4DDF2C4506E7}.Debug|Win32.Build.0 = Debug|Win32
		{C832A55B-E9A7-479F-A11A-4DDF2C4506E7}.Release|Win32.ActiveCfg = Release|Win32
		{C832A55B-E9A7-479F-A11A-4DDF2C4506E7}.Release|Win32.Build.0 = Release|Win32
		{09523546-A947-414A-90A9-CA6EAB394AF4}.Debug|Win32.ActiveCfg = Debug|Win32
		{09523546-A947-414A-90A9-CA6EAB394AF4}.Debug|Win32.Build.0 = Debug|Win32
		{09523546-A947-414A-90A9-CA6EAB394AF4}.Release|Win32.ActiveCfg = Release|Win32
		{09523546-A947-414A-90A9-CA6EAB394AF4}.Release|Win32.Build.0 = Release|Win32
		{5107AEB8-201F-44CD-A5C9-77D0DD6D7B27}.Debug|Win32.ActiveCfg = Debug|Win32
		{5107AEB8-201F-44CD-A5C9-77D0DD6D7B27}.Debug|Win32.Build.0 = Debug|Win32
		{5107AEB8-201F-44CD-A5C9-77D0DD6D7B27}.Release|Win32.ActiveCfg = Release|Win32
		{5107AEB8-201F-44CD-A5C9-77D0DD6D7B27}.Release|Win32.Build.0 = Release|Win32
		{ABA73A97-F97C-4AB5-A994-2BEAAB5C818E}.Debug|Win32.ActiveCfg = Debug|Win32
		{ABA73A97-F97C-4AB5-A994-2BEAAB5C818E}.Debug|Win32.Build.0 = Debug|Win32
		{ABA73A97-F97C-4AB5-A994-2BEAAB5C818E}.Release|Win32.ActiveCfg = Release|Win32
		{ABA73A97-F97C-4AB5-A994-2BEAAB5C818E}.Release|Win32.Build.0 = Release|Win32
		{88AB113D-9E2B-4A32-BE16-C4E277D8B5AD}.Debug|Win32.ActiveCfg = Debug|Win32
		{88AB113D-9E2B-4A32-BE16-C4E277D8B5AD}.Debug|Win32.Build.0 = Debug|Win32
		{88AB113D-9E2B-4A32-BE16-C4E277D8B5AD}.Release|Win32.ActiveCfg = Release|Win32
		{88AB113D-9E2B-4A32-BE16-C4E277D8B5AD}.Release|Win32.Build.0 = Release|Win32
	EndGlobalSection
	GlobalSection(SolutionProperties) = preSolution
		HideSolutionNode = FALSE
	EndGlobalSection
EndGlobal
