
Microsoft Visual Studio Solution File, Format Version 10.00
# Visual Studio 2008
Project("{8BC9CEB8-8B4A-11D0-8D11-00A0C91BC942}") = "Lecture06", "Lecture06\Lecture06.vcproj", "{9A176905-187D-42AC-B131-DC684439D083}"
EndProject
Project("{8BC9CEB8-8B4A-11D0-8D11-00A0C91BC942}") = "p186", "p186\p186.vcproj", "{8CA50D9E-B2CC-4217-A30D-A10D01DAF78F}"
EndProject
Project("{8BC9CEB8-8B4A-11D0-8D11-00A0C91BC942}") = "p188", "p188\p188.vcproj", "{4C48581F-520C-4C7F-9CE2-3C76E7D7665C}"
EndProject
Project("{8BC9CEB8-8B4A-11D0-8D11-00A0C91BC942}") = "test01", "test01\test01.vcproj", "{8B382A68-A4FB-4C11-A555-CCAA81231096}"
EndProject
Project("{8BC9CEB8-8B4A-11D0-8D11-00A0C91BC942}") = "ex02", "ex02\ex02.vcproj", "{FD029BE6-292D-4241-8290-DB1B4A6317FD}"
EndProject
Project("{8BC9CEB8-8B4A-11D0-8D11-00A0C91BC942}") = "des-1", "des-1\des-1.vcproj", "{EC654A26-2C6C-4869-B834-7FC4AE459D9B}"
EndProject
Project("{8BC9CEB8-8B4A-11D0-8D11-00A0C91BC942}") = "ex07", "ex07\ex07.vcproj", "{B512193D-5255-42EF-8C1B-C31213DCD16C}"
EndProject
Project("{8BC9CEB8-8B4A-11D0-8D11-00A0C91BC942}") = "ex16", "ex16\ex16.vcproj", "{2A020F1C-2D9C-4170-8044-D3CE54CD1922}"
EndProject
Project("{8BC9CEB8-8B4A-11D0-8D11-00A0C91BC942}") = "ex17", "ex17\ex17.vcproj", "{2B637B9E-5635-43F3-AF8F-3C0E204089C3}"
EndProject
Project("{8BC9CEB8-8B4A-11D0-8D11-00A0C91BC942}") = "ex19", "ex19\ex19.vcproj", "{1E7CE9C8-9D94-4635-BE47-29EB2274E43E}"
EndProject
Project("{8BC9CEB8-8B4A-11D0-8D11-00A0C91BC942}") = "ex22", "ex22\ex22.vcproj", "{A0DDB8BA-57FB-4FF9-83AD-98DBBE6BB12A}"
EndProject
Project("{8BC9CEB8-8B4A-11D0-8D11-00A0C91BC942}") = "DoubleDES", "DoubleDES\DoubleDES.vcproj", "{763A009E-DBFF-4039-879C-96A27F5BD58B}"
EndProject
Project("{8BC9CEB8-8B4A-11D0-8D11-00A0C91BC942}") = "p695", "p695\p695.vcproj", "{EE6C9925-FA13-4063-A8A4-32DEA830CE71}"
EndProject
Project("{8BC9CEB8-8B4A-11D0-8D11-00A0C91BC942}") = "gost-1", "gost-1\gost-1.vcproj", "{9DB51A8F-FEF9-4C64-9D16-492C54564CA9}"
EndProject
Project("{8BC9CEB8-8B4A-11D0-8D11-00A0C91BC942}") = "gost-2", "gost-2\gost-2.vcproj", "{664BA6EF-7C25-4DE6-B52D-0DB57D26B022}"
EndProject
Project("{8BC9CEB8-8B4A-11D0-8D11-00A0C91BC942}") = "gost-3", "gost-3\gost-3.vcproj", "{29120502-2435-4925-9961-897702802FE4}"
EndProject
Project("{8BC9CEB8-8B4A-11D0-8D11-00A0C91BC942}") = "gost-4", "gost-4\gost-4.vcproj", "{4F6656D7-4F83-45BB-B79D-9030A8B64528}"
EndProject
Project("{8BC9CEB8-8B4A-11D0-8D11-00A0C91BC942}") = "gost-5", "gost-5\gost-5.vcproj", "{B98AA62D-9B56-4407-A50B-306534885709}"
EndProject
Project("{8BC9CEB8-8B4A-11D0-8D11-00A0C91BC942}") = "des-2", "des-2\des-2.vcproj", "{B532B84A-86A7-4D52-9682-8B17AE02C6A4}"
EndProject
Project("{8BC9CEB8-8B4A-11D0-8D11-00A0C91BC942}") = "des-3", "des-3\des-3.vcproj", "{96C55D96-9D23-4328-BE51-3C1A450F5AE4}"
EndProject
Global
	GlobalSection(SolutionConfigurationPlatforms) = preSolution
		Debug|Win32 = Debug|Win32
		Release|Win32 = Release|Win32
	EndGlobalSection
	GlobalSection(ProjectConfigurationPlatforms) = postSolution
		{9A176905-187D-42AC-B131-DC684439D083}.Debug|Win32.ActiveCfg = Debug|Win32
		{9A176905-187D-42AC-B131-DC684439D083}.Debug|Win32.Build.0 = Debug|Win32
		{9A176905-187D-42AC-B131-DC684439D083}.Release|Win32.ActiveCfg = Release|Win32
		{9A176905-187D-42AC-B131-DC684439D083}.Release|Win32.Build.0 = Release|Win32
		{8CA50D9E-B2CC-4217-A30D-A10D01DAF78F}.Debug|Win32.ActiveCfg = Debug|Win32
		{8CA50D9E-B2CC-4217-A30D-A10D01DAF78F}.Debug|Win32.Build.0 = Debug|Win32
		{8CA50D9E-B2CC-4217-A30D-A10D01DAF78F}.Release|Win32.ActiveCfg = Release|Win32
		{8CA50D9E-B2CC-4217-A30D-A10D01DAF78F}.Release|Win32.Build.0 = Release|Win32
		{4C48581F-520C-4C7F-9CE2-3C76E7D7665C}.Debug|Win32.ActiveCfg = Debug|Win32
		{4C48581F-520C-4C7F-9CE2-3C76E7D7665C}.Debug|Win32.Build.0 = Debug|Win32
		{4C48581F-520C-4C7F-9CE2-3C76E7D7665C}.Release|Win32.ActiveCfg = Release|Win32
		{4C48581F-520C-4C7F-9CE2-3C76E7D7665C}.Release|Win32.Build.0 = Release|Win32
		{8B382A68-A4FB-4C11-A555-CCAA81231096}.Debug|Win32.ActiveCfg = Debug|Win32
		{8B382A68-A4FB-4C11-A555-CCAA81231096}.Debug|Win32.Build.0 = Debug|Win32
		{8B382A68-A4FB-4C11-A555-CCAA81231096}.Release|Win32.ActiveCfg = Release|Win32
		{8B382A68-A4FB-4C11-A555-CCAA81231096}.Release|Win32.Build.0 = Release|Win32
		{FD029BE6-292D-4241-8290-DB1B4A6317FD}.Debug|Win32.ActiveCfg = Debug|Win32
		{FD029BE6-292D-4241-8290-DB1B4A6317FD}.Debug|Win32.Build.0 = Debug|Win32
		{FD029BE6-292D-4241-8290-DB1B4A6317FD}.Release|Win32.ActiveCfg = Release|Win32
		{FD029BE6-292D-4241-8290-DB1B4A6317FD}.Release|Win32.Build.0 = Release|Win32
		{EC654A26-2C6C-4869-B834-7FC4AE459D9B}.Debug|Win32.ActiveCfg = Debug|Win32
		{EC654A26-2C6C-4869-B834-7FC4AE459D9B}.Debug|Win32.Build.0 = Debug|Win32
		{EC654A26-2C6C-4869-B834-7FC4AE459D9B}.Release|Win32.ActiveCfg = Release|Win32
		{EC654A26-2C6C-4869-B834-7FC4AE459D9B}.Release|Win32.Build.0 = Release|Win32
		{B512193D-5255-42EF-8C1B-C31213DCD16C}.Debug|Win32.ActiveCfg = Debug|Win32
		{B512193D-5255-42EF-8C1B-C31213DCD16C}.Debug|Win32.Build.0 = Debug|Win32
		{B512193D-5255-42EF-8C1B-C31213DCD16C}.Release|Win32.ActiveCfg = Release|Win32
		{B512193D-5255-42EF-8C1B-C31213DCD16C}.Release|Win32.Build.0 = Release|Win32
		{2A020F1C-2D9C-4170-8044-D3CE54CD1922}.Debug|Win32.ActiveCfg = Debug|Win32
		{2A020F1C-2D9C-4170-8044-D3CE54CD1922}.Debug|Win32.Build.0 = Debug|Win32
		{2A020F1C-2D9C-4170-8044-D3CE54CD1922}.Release|Win32.ActiveCfg = Release|Win32
		{2A020F1C-2D9C-4170-8044-D3CE54CD1922}.Release|Win32.Build.0 = Release|Win32
		{2B637B9E-5635-43F3-AF8F-3C0E204089C3}.Debug|Win32.ActiveCfg = Debug|Win32
		{2B637B9E-5635-43F3-AF8F-3C0E204089C3}.Debug|Win32.Build.0 = Debug|Win32
		{2B637B9E-5635-43F3-AF8F-3C0E204089C3}.Release|Win32.ActiveCfg = Release|Win32
		{2B637B9E-5635-43F3-AF8F-3C0E204089C3}.Release|Win32.Build.0 = Release|Win32
		{1E7CE9C8-9D94-4635-BE47-29EB2274E43E}.Debug|Win32.ActiveCfg = Debug|Win32
		{1E7CE9C8-9D94-4635-BE47-29EB2274E43E}.Debug|Win32.Build.0 = Debug|Win32
		{1E7CE9C8-9D94-4635-BE47-29EB2274E43E}.Release|Win32.ActiveCfg = Release|Win32
		{1E7CE9C8-9D94-4635-BE47-29EB2274E43E}.Release|Win32.Build.0 = Release|Win32
		{A0DDB8BA-57FB-4FF9-83AD-98DBBE6BB12A}.Debug|Win32.ActiveCfg = Debug|Win32
		{A0DDB8BA-57FB-4FF9-83AD-98DBBE6BB12A}.Debug|Win32.Build.0 = Debug|Win32
		{A0DDB8BA-57FB-4FF9-83AD-98DBBE6BB12A}.Release|Win32.ActiveCfg = Release|Win32
		{A0DDB8BA-57FB-4FF9-83AD-98DBBE6BB12A}.Release|Win32.Build.0 = Release|Win32
		{763A009E-DBFF-4039-879C-96A27F5BD58B}.Debug|Win32.ActiveCfg = Debug|Win32
		{763A009E-DBFF-4039-879C-96A27F5BD58B}.Debug|Win32.Build.0 = Debug|Win32
		{763A009E-DBFF-4039-879C-96A27F5BD58B}.Release|Win32.ActiveCfg = Release|Win32
		{763A009E-DBFF-4039-879C-96A27F5BD58B}.Release|Win32.Build.0 = Release|Win32
		{EE6C9925-FA13-4063-A8A4-32DEA830CE71}.Debug|Win32.ActiveCfg = Debug|Win32
		{EE6C9925-FA13-4063-A8A4-32DEA830CE71}.Debug|Win32.Build.0 = Debug|Win32
		{EE6C9925-FA13-4063-A8A4-32DEA830CE71}.Release|Win32.ActiveCfg = Release|Win32
		{EE6C9925-FA13-4063-A8A4-32DEA830CE71}.Release|Win32.Build.0 = Release|Win32
		{9DB51A8F-FEF9-4C64-9D16-492C54564CA9}.Debug|Win32.ActiveCfg = Debug|Win32
		{9DB51A8F-FEF9-4C64-9D16-492C54564CA9}.Debug|Win32.Build.0 = Debug|Win32
		{9DB51A8F-FEF9-4C64-9D16-492C54564CA9}.Release|Win32.ActiveCfg = Release|Win32
		{9DB51A8F-FEF9-4C64-9D16-492C54564CA9}.Release|Win32.Build.0 = Release|Win32
		{664BA6EF-7C25-4DE6-B52D-0DB57D26B022}.Debug|Win32.ActiveCfg = Debug|Win32
		{664BA6EF-7C25-4DE6-B52D-0DB57D26B022}.Debug|Win32.Build.0 = Debug|Win32
		{664BA6EF-7C25-4DE6-B52D-0DB57D26B022}.Release|Win32.ActiveCfg = Release|Win32
		{664BA6EF-7C25-4DE6-B52D-0DB57D26B022}.Release|Win32.Build.0 = Release|Win32
		{29120502-2435-4925-9961-897702802FE4}.Debug|Win32.ActiveCfg = Debug|Win32
		{29120502-2435-4925-9961-897702802FE4}.Debug|Win32.Build.0 = Debug|Win32
		{29120502-2435-4925-9961-897702802FE4}.Release|Win32.ActiveCfg = Release|Win32
		{29120502-2435-4925-9961-897702802FE4}.Release|Win32.Build.0 = Release|Win32
		{4F6656D7-4F83-45BB-B79D-9030A8B64528}.Debug|Win32.ActiveCfg = Debug|Win32
		{4F6656D7-4F83-45BB-B79D-9030A8B64528}.Debug|Win32.Build.0 = Debug|Win32
		{4F6656D7-4F83-45BB-B79D-9030A8B64528}.Release|Win32.ActiveCfg = Release|Win32
		{4F6656D7-4F83-45BB-B79D-9030A8B64528}.Release|Win32.Build.0 = Release|Win32
		{B98AA62D-9B56-4407-A50B-306534885709}.Debug|Win32.ActiveCfg = Debug|Win32
		{B98AA62D-9B56-4407-A50B-306534885709}.Debug|Win32.Build.0 = Debug|Win32
		{B98AA62D-9B56-4407-A50B-306534885709}.Release|Win32.ActiveCfg = Release|Win32
		{B98AA62D-9B56-4407-A50B-306534885709}.Release|Win32.Build.0 = Release|Win32
		{B532B84A-86A7-4D52-9682-8B17AE02C6A4}.Debug|Win32.ActiveCfg = Debug|Win32
		{B532B84A-86A7-4D52-9682-8B17AE02C6A4}.Debug|Win32.Build.0 = Debug|Win32
		{B532B84A-86A7-4D52-9682-8B17AE02C6A4}.Release|Win32.ActiveCfg = Release|Win32
		{B532B84A-86A7-4D52-9682-8B17AE02C6A4}.Release|Win32.Build.0 = Release|Win32
		{96C55D96-9D23-4328-BE51-3C1A450F5AE4}.Debug|Win32.ActiveCfg = Debug|Win32
		{96C55D96-9D23-4328-BE51-3C1A450F5AE4}.Debug|Win32.Build.0 = Debug|Win32
		{96C55D96-9D23-4328-BE51-3C1A450F5AE4}.Release|Win32.ActiveCfg = Release|Win32
		{96C55D96-9D23-4328-BE51-3C1A450F5AE4}.Release|Win32.Build.0 = Release|Win32
	EndGlobalSection
	GlobalSection(SolutionProperties) = preSolution
		HideSolutionNode = FALSE
	EndGlobalSection
EndGlobal
