
Microsoft Visual Studio Solution File, Format Version 10.00
# Visual C++ Express 2008
Project("{8BC9CEB8-8B4A-11D0-8D11-00A0C91BC942}") = "CryptSecNet", "CryptSecNet\CryptSecNet.vcproj", "{050099A3-C2A1-4B48-BB6A-36B734F0A061}"
EndProject
Project("{8BC9CEB8-8B4A-11D0-8D11-00A0C91BC942}") = "p042-nod", "p042-nod\p042-nod.vcproj", "{62A8334A-C64E-41F4-93D8-C822A0D48934}"
EndProject
Project("{8BC9CEB8-8B4A-11D0-8D11-00A0C91BC942}") = "p044-nod-e", "p44-nod-e\p44-nod-e.vcproj", "{2E641CD5-45B9-4AF5-857E-293F9A03ACE0}"
EndProject
Project("{8BC9CEB8-8B4A-11D0-8D11-00A0C91BC942}") = "p056-minv", "p056-minv\p056-minv.vcproj", "{7913EA4A-3278-428C-A967-33409619A7A2}"
EndProject
Project("{8BC9CEB8-8B4A-11D0-8D11-00A0C91BC942}") = "p061-matrix", "p061-matrix\p061-matrix.vcproj", "{B74AC520-8781-4DAA-A36C-5A5047914C81}"
EndProject
Project("{8BC9CEB8-8B4A-11D0-8D11-00A0C91BC942}") = "p061-matrix-1", "p061-matrix-1\p061-matrix-1.vcproj", "{D3CB2CF8-873E-48F5-9C00-E54A96A377B4}"
EndProject
Project("{8BC9CEB8-8B4A-11D0-8D11-00A0C91BC942}") = "p061-matrix-2", "p061-matrix-2\p061-matrix-2.vcproj", "{F45A3053-4B96-43B9-B362-F4EF9C4E490C}"
EndProject
Project("{8BC9CEB8-8B4A-11D0-8D11-00A0C91BC942}") = "p062-matrix", "p062-matrix\p062-matrix.vcproj", "{49F8FE05-1EDD-47AA-BD94-E0BA089EEB16}"
EndProject
Project("{8BC9CEB8-8B4A-11D0-8D11-00A0C91BC942}") = "p063-matrix", "p063-matrix\p063-matrix.vcproj", "{13FA7CAA-B024-4BF0-BA4F-DB41FF67DF1A}"
EndProject
Project("{8BC9CEB8-8B4A-11D0-8D11-00A0C91BC942}") = "p065-matrix", "p065-matrix\p065-matrix.vcproj", "{3FC5E191-6C3F-42CE-A05D-68F342B5740A}"
EndProject
Project("{8BC9CEB8-8B4A-11D0-8D11-00A0C91BC942}") = "Ch01-Exercize", "Ch01-Exercize\Ch01-Exercize.vcproj", "{92DE3552-E012-4E2A-BD0C-E6982C539E6A}"
EndProject
Project("{8BC9CEB8-8B4A-11D0-8D11-00A0C91BC942}") = "Ex38", "Ex38\Ex38.vcproj", "{D0B58B25-ECBE-45C8-A7CC-ED3FA954CC83}"
EndProject
Project("{8BC9CEB8-8B4A-11D0-8D11-00A0C91BC942}") = "Ex39", "Ex39\Ex39.vcproj", "{DEDE616C-4420-4B02-9243-429B1E4CE607}"
EndProject
Project("{8BC9CEB8-8B4A-11D0-8D11-00A0C91BC942}") = "Ex39-1", "Ex39-1\Ex39-1.vcproj", "{8D62C25F-CC01-4267-8B77-DE10E4A64004}"
EndProject
Project("{8BC9CEB8-8B4A-11D0-8D11-00A0C91BC942}") = "p042-nod-ntl", "p042-nod-ntl\p042-nod-ntl.vcproj", "{EE786573-3F1A-44F1-8A86-B6A0E0EB2E0A}"
EndProject
Project("{8BC9CEB8-8B4A-11D0-8D11-00A0C91BC942}") = "p044-nod-e-ntl", "p044-nod-e-ntl\p044-nod-e-ntl.vcproj", "{F5362696-222B-4ADB-9C43-A71A623ABC2D}"
EndProject
Project("{8BC9CEB8-8B4A-11D0-8D11-00A0C91BC942}") = "p051-ntl", "p051-ntl\p051-ntl.vcproj", "{624FB262-6791-45F8-A914-BA396BBB507A}"
EndProject
Project("{8BC9CEB8-8B4A-11D0-8D11-00A0C91BC942}") = "p052-ntl", "p052-ntl\p052-ntl.vcproj", "{6D817023-7868-4298-8F39-B5357F71F9B0}"
EndProject
Project("{8BC9CEB8-8B4A-11D0-8D11-00A0C91BC942}") = "Mod", "Mod\Mod.vcproj", "{632EC038-ABD5-4171-8F45-EA8E46D1A9DC}"
EndProject
Project("{8BC9CEB8-8B4A-11D0-8D11-00A0C91BC942}") = "p054-ntl", "p054-ntl\p054-ntl.vcproj", "{A8E94F0B-6537-4BEE-91D7-B6AADA047F5C}"
EndProject
Project("{8BC9CEB8-8B4A-11D0-8D11-00A0C91BC942}") = "p056-minv-ntl", "p056-minv-ntl\p056-minv-ntl.vcproj", "{927303B2-EB73-4B6E-BAF3-87DB1E6575C7}"
EndProject
Project("{8BC9CEB8-8B4A-11D0-8D11-00A0C91BC942}") = "p061-ntl-1", "p061-ntl-1\p061-ntl-1.vcproj", "{E4B5551F-8228-47C4-A5D3-732930DBBD00}"
EndProject
Project("{8BC9CEB8-8B4A-11D0-8D11-00A0C91BC942}") = "p061-ntl-2", "p061-ntl-2\p061-ntl-2.vcproj", "{2C87034F-9F55-4605-AB12-76A780DE9F72}"
EndProject
Project("{8BC9CEB8-8B4A-11D0-8D11-00A0C91BC942}") = "p062-ntl-1", "p062-ntl-1\p062-ntl-1.vcproj", "{ADA44A1B-D7D9-4FB9-BDBB-9CBFFAE1406A}"
EndProject
Global
	GlobalSection(SolutionConfigurationPlatforms) = preSolution
		Debug|Win32 = Debug|Win32
		Release|Win32 = Release|Win32
	EndGlobalSection
	GlobalSection(ProjectConfigurationPlatforms) = postSolution
		{050099A3-C2A1-4B48-BB6A-36B734F0A061}.Debug|Win32.ActiveCfg = Debug|Win32
		{050099A3-C2A1-4B48-BB6A-36B734F0A061}.Debug|Win32.Build.0 = Debug|Win32
		{050099A3-C2A1-4B48-BB6A-36B734F0A061}.Release|Win32.ActiveCfg = Release|Win32
		{050099A3-C2A1-4B48-BB6A-36B734F0A061}.Release|Win32.Build.0 = Release|Win32
		{62A8334A-C64E-41F4-93D8-C822A0D48934}.Debug|Win32.ActiveCfg = Debug|Win32
		{62A8334A-C64E-41F4-93D8-C822A0D48934}.Debug|Win32.Build.0 = Debug|Win32
		{62A8334A-C64E-41F4-93D8-C822A0D48934}.Release|Win32.ActiveCfg = Release|Win32
		{62A8334A-C64E-41F4-93D8-C822A0D48934}.Release|Win32.Build.0 = Release|Win32
		{2E641CD5-45B9-4AF5-857E-293F9A03ACE0}.Debug|Win32.ActiveCfg = Debug|Win32
		{2E641CD5-45B9-4AF5-857E-293F9A03ACE0}.Debug|Win32.Build.0 = Debug|Win32
		{2E641CD5-45B9-4AF5-857E-293F9A03ACE0}.Release|Win32.ActiveCfg = Release|Win32
		{2E641CD5-45B9-4AF5-857E-293F9A03ACE0}.Release|Win32.Build.0 = Release|Win32
		{7913EA4A-3278-428C-A967-33409619A7A2}.Debug|Win32.ActiveCfg = Debug|Win32
		{7913EA4A-3278-428C-A967-33409619A7A2}.Debug|Win32.Build.0 = Debug|Win32
		{7913EA4A-3278-428C-A967-33409619A7A2}.Release|Win32.ActiveCfg = Release|Win32
		{7913EA4A-3278-428C-A967-33409619A7A2}.Release|Win32.Build.0 = Release|Win32
		{B74AC520-8781-4DAA-A36C-5A5047914C81}.Debug|Win32.ActiveCfg = Debug|Win32
		{B74AC520-8781-4DAA-A36C-5A5047914C81}.Debug|Win32.Build.0 = Debug|Win32
		{B74AC520-8781-4DAA-A36C-5A5047914C81}.Release|Win32.ActiveCfg = Release|Win32
		{B74AC520-8781-4DAA-A36C-5A5047914C81}.Release|Win32.Build.0 = Release|Win32
		{D3CB2CF8-873E-48F5-9C00-E54A96A377B4}.Debug|Win32.ActiveCfg = Debug|Win32
		{D3CB2CF8-873E-48F5-9C00-E54A96A377B4}.Debug|Win32.Build.0 = Debug|Win32
		{D3CB2CF8-873E-48F5-9C00-E54A96A377B4}.Release|Win32.ActiveCfg = Release|Win32
		{D3CB2CF8-873E-48F5-9C00-E54A96A377B4}.Release|Win32.Build.0 = Release|Win32
		{F45A3053-4B96-43B9-B362-F4EF9C4E490C}.Debug|Win32.ActiveCfg = Debug|Win32
		{F45A3053-4B96-43B9-B362-F4EF9C4E490C}.Debug|Win32.Build.0 = Debug|Win32
		{F45A3053-4B96-43B9-B362-F4EF9C4E490C}.Release|Win32.ActiveCfg = Release|Win32
		{F45A3053-4B96-43B9-B362-F4EF9C4E490C}.Release|Win32.Build.0 = Release|Win32
		{49F8FE05-1EDD-47AA-BD94-E0BA089EEB16}.Debug|Win32.ActiveCfg = Debug|Win32
		{49F8FE05-1EDD-47AA-BD94-E0BA089EEB16}.Debug|Win32.Build.0 = Debug|Win32
		{49F8FE05-1EDD-47AA-BD94-E0BA089EEB16}.Release|Win32.ActiveCfg = Release|Win32
		{49F8FE05-1EDD-47AA-BD94-E0BA089EEB16}.Release|Win32.Build.0 = Release|Win32
		{13FA7CAA-B024-4BF0-BA4F-DB41FF67DF1A}.Debug|Win32.ActiveCfg = Debug|Win32
		{13FA7CAA-B024-4BF0-BA4F-DB41FF67DF1A}.Debug|Win32.Build.0 = Debug|Win32
		{13FA7CAA-B024-4BF0-BA4F-DB41FF67DF1A}.Release|Win32.ActiveCfg = Release|Win32
		{13FA7CAA-B024-4BF0-BA4F-DB41FF67DF1A}.Release|Win32.Build.0 = Release|Win32
		{3FC5E191-6C3F-42CE-A05D-68F342B5740A}.Debug|Win32.ActiveCfg = Debug|Win32
		{3FC5E191-6C3F-42CE-A05D-68F342B5740A}.Debug|Win32.Build.0 = Debug|Win32
		{3FC5E191-6C3F-42CE-A05D-68F342B5740A}.Release|Win32.ActiveCfg = Release|Win32
		{3FC5E191-6C3F-42CE-A05D-68F342B5740A}.Release|Win32.Build.0 = Release|Win32
		{92DE3552-E012-4E2A-BD0C-E6982C539E6A}.Debug|Win32.ActiveCfg = Debug|Win32
		{92DE3552-E012-4E2A-BD0C-E6982C539E6A}.Debug|Win32.Build.0 = Debug|Win32
		{92DE3552-E012-4E2A-BD0C-E6982C539E6A}.Release|Win32.ActiveCfg = Release|Win32
		{92DE3552-E012-4E2A-BD0C-E6982C539E6A}.Release|Win32.Build.0 = Release|Win32
		{D0B58B25-ECBE-45C8-A7CC-ED3FA954CC83}.Debug|Win32.ActiveCfg = Debug|Win32
		{D0B58B25-ECBE-45C8-A7CC-ED3FA954CC83}.Debug|Win32.Build.0 = Debug|Win32
		{D0B58B25-ECBE-45C8-A7CC-ED3FA954CC83}.Release|Win32.ActiveCfg = Release|Win32
		{D0B58B25-ECBE-45C8-A7CC-ED3FA954CC83}.Release|Win32.Build.0 = Release|Win32
		{DEDE616C-4420-4B02-9243-429B1E4CE607}.Debug|Win32.ActiveCfg = Debug|Win32
		{DEDE616C-4420-4B02-9243-429B1E4CE607}.Debug|Win32.Build.0 = Debug|Win32
		{DEDE616C-4420-4B02-9243-429B1E4CE607}.Release|Win32.ActiveCfg = Release|Win32
		{DEDE616C-4420-4B02-9243-429B1E4CE607}.Release|Win32.Build.0 = Release|Win32
		{8D62C25F-CC01-4267-8B77-DE10E4A64004}.Debug|Win32.ActiveCfg = Debug|Win32
		{8D62C25F-CC01-4267-8B77-DE10E4A64004}.Debug|Win32.Build.0 = Debug|Win32
		{8D62C25F-CC01-4267-8B77-DE10E4A64004}.Release|Win32.ActiveCfg = Release|Win32
		{8D62C25F-CC01-4267-8B77-DE10E4A64004}.Release|Win32.Build.0 = Release|Win32
		{EE786573-3F1A-44F1-8A86-B6A0E0EB2E0A}.Debug|Win32.ActiveCfg = Debug|Win32
		{EE786573-3F1A-44F1-8A86-B6A0E0EB2E0A}.Debug|Win32.Build.0 = Debug|Win32
		{EE786573-3F1A-44F1-8A86-B6A0E0EB2E0A}.Release|Win32.ActiveCfg = Release|Win32
		{EE786573-3F1A-44F1-8A86-B6A0E0EB2E0A}.Release|Win32.Build.0 = Release|Win32
		{F5362696-222B-4ADB-9C43-A71A623ABC2D}.Debug|Win32.ActiveCfg = Debug|Win32
		{F5362696-222B-4ADB-9C43-A71A623ABC2D}.Debug|Win32.Build.0 = Debug|Win32
		{F5362696-222B-4ADB-9C43-A71A623ABC2D}.Release|Win32.ActiveCfg = Release|Win32
		{F5362696-222B-4ADB-9C43-A71A623ABC2D}.Release|Win32.Build.0 = Release|Win32
		{624FB262-6791-45F8-A914-BA396BBB507A}.Debug|Win32.ActiveCfg = Debug|Win32
		{624FB262-6791-45F8-A914-BA396BBB507A}.Debug|Win32.Build.0 = Debug|Win32
		{624FB262-6791-45F8-A914-BA396BBB507A}.Release|Win32.ActiveCfg = Release|Win32
		{624FB262-6791-45F8-A914-BA396BBB507A}.Release|Win32.Build.0 = Release|Win32
		{6D817023-7868-4298-8F39-B5357F71F9B0}.Debug|Win32.ActiveCfg = Debug|Win32
		{6D817023-7868-4298-8F39-B5357F71F9B0}.Debug|Win32.Build.0 = Debug|Win32
		{6D817023-7868-4298-8F39-B5357F71F9B0}.Release|Win32.ActiveCfg = Release|Win32
		{6D817023-7868-4298-8F39-B5357F71F9B0}.Release|Win32.Build.0 = Release|Win32
		{632EC038-ABD5-4171-8F45-EA8E46D1A9DC}.Debug|Win32.ActiveCfg = Debug|Win32
		{632EC038-ABD5-4171-8F45-EA8E46D1A9DC}.Debug|Win32.Build.0 = Debug|Win32
		{632EC038-ABD5-4171-8F45-EA8E46D1A9DC}.Release|Win32.ActiveCfg = Release|Win32
		{632EC038-ABD5-4171-8F45-EA8E46D1A9DC}.Release|Win32.Build.0 = Release|Win32
		{A8E94F0B-6537-4BEE-91D7-B6AADA047F5C}.Debug|Win32.ActiveCfg = Debug|Win32
		{A8E94F0B-6537-4BEE-91D7-B6AADA047F5C}.Debug|Win32.Build.0 = Debug|Win32
		{A8E94F0B-6537-4BEE-91D7-B6AADA047F5C}.Release|Win32.ActiveCfg = Release|Win32
		{A8E94F0B-6537-4BEE-91D7-B6AADA047F5C}.Release|Win32.Build.0 = Release|Win32
		{927303B2-EB73-4B6E-BAF3-87DB1E6575C7}.Debug|Win32.ActiveCfg = Debug|Win32
		{927303B2-EB73-4B6E-BAF3-87DB1E6575C7}.Debug|Win32.Build.0 = Debug|Win32
		{927303B2-EB73-4B6E-BAF3-87DB1E6575C7}.Release|Win32.ActiveCfg = Release|Win32
		{927303B2-EB73-4B6E-BAF3-87DB1E6575C7}.Release|Win32.Build.0 = Release|Win32
		{E4B5551F-8228-47C4-A5D3-732930DBBD00}.Debug|Win32.ActiveCfg = Debug|Win32
		{E4B5551F-8228-47C4-A5D3-732930DBBD00}.Debug|Win32.Build.0 = Debug|Win32
		{E4B5551F-8228-47C4-A5D3-732930DBBD00}.Release|Win32.ActiveCfg = Release|Win32
		{E4B5551F-8228-47C4-A5D3-732930DBBD00}.Release|Win32.Build.0 = Release|Win32
		{2C87034F-9F55-4605-AB12-76A780DE9F72}.Debug|Win32.ActiveCfg = Debug|Win32
		{2C87034F-9F55-4605-AB12-76A780DE9F72}.Debug|Win32.Build.0 = Debug|Win32
		{2C87034F-9F55-4605-AB12-76A780DE9F72}.Release|Win32.ActiveCfg = Release|Win32
		{2C87034F-9F55-4605-AB12-76A780DE9F72}.Release|Win32.Build.0 = Release|Win32
		{ADA44A1B-D7D9-4FB9-BDBB-9CBFFAE1406A}.Debug|Win32.ActiveCfg = Debug|Win32
		{ADA44A1B-D7D9-4FB9-BDBB-9CBFFAE1406A}.Debug|Win32.Build.0 = Debug|Win32
		{ADA44A1B-D7D9-4FB9-BDBB-9CBFFAE1406A}.Release|Win32.ActiveCfg = Release|Win32
		{ADA44A1B-D7D9-4FB9-BDBB-9CBFFAE1406A}.Release|Win32.Build.0 = Release|Win32
	EndGlobalSection
	GlobalSection(SolutionProperties) = preSolution
		HideSolutionNode = FALSE
	EndGlobalSection
EndGlobal
