
Microsoft Visual Studio Solution File, Format Version 10.00
# Visual Studio 2008
Project("{8BC9CEB8-8B4A-11D0-8D11-00A0C91BC942}") = "Lecture05", "Lecture05\Lecture05.vcproj", "{78E6BC70-8188-456A-AE71-AECB72E43F91}"
EndProject
Project("{8BC9CEB8-8B4A-11D0-8D11-00A0C91BC942}") = "util01", "util01\util01.vcproj", "{A8300357-41FA-4BE4-86D9-6F8DD88AA077}"
EndProject
Project("{8BC9CEB8-8B4A-11D0-8D11-00A0C91BC942}") = "p163", "p163\p163.vcproj", "{8C2A748C-0569-448A-B41B-5067968E2E06}"
EndProject
Project("{8BC9CEB8-8B4A-11D0-8D11-00A0C91BC942}") = "p174", "p174\p174.vcproj", "{6A7F239D-CE81-4D64-B360-48D3AB6C9D9B}"
EndProject
Project("{8BC9CEB8-8B4A-11D0-8D11-00A0C91BC942}") = "ex03", "ex03\ex03.vcproj", "{509E3B7F-D6B7-4A5B-BE61-0F59D124F069}"
EndProject
Project("{8BC9CEB8-8B4A-11D0-8D11-00A0C91BC942}") = "ex04", "ex04\ex04.vcproj", "{37ACB522-986F-4818-83A6-A05BFF8A671F}"
EndProject
Project("{8BC9CEB8-8B4A-11D0-8D11-00A0C91BC942}") = "ex05", "ex05\ex05.vcproj", "{116194F3-C792-4F44-8856-4E5F1E03CBD2}"
EndProject
Project("{8BC9CEB8-8B4A-11D0-8D11-00A0C91BC942}") = "ex06", "ex06\ex06.vcproj", "{323A4049-8111-4335-845B-1EF29933A9A8}"
EndProject
Project("{8BC9CEB8-8B4A-11D0-8D11-00A0C91BC942}") = "ex07", "ex07\ex07.vcproj", "{1F205847-3C94-43AE-B2E1-5538755792D4}"
EndProject
Project("{8BC9CEB8-8B4A-11D0-8D11-00A0C91BC942}") = "ex18", "ex18\ex18.vcproj", "{92B1FA9D-9300-4AE5-90C3-318FBA893D3C}"
EndProject
Project("{8BC9CEB8-8B4A-11D0-8D11-00A0C91BC942}") = "ex22", "ex22\ex22.vcproj", "{723A3F65-B907-40F5-8A4C-7E09C8161ADC}"
EndProject
Project("{8BC9CEB8-8B4A-11D0-8D11-00A0C91BC942}") = "ex23", "ex23\ex23.vcproj", "{19D7CEF2-F46A-49B9-9F97-93A701888F97}"
EndProject
Project("{8BC9CEB8-8B4A-11D0-8D11-00A0C91BC942}") = "ex24", "ex24\ex24.vcproj", "{EEF19EEA-72F4-4B5D-8C3F-BF02F5DD4A7E}"
EndProject
Project("{8BC9CEB8-8B4A-11D0-8D11-00A0C91BC942}") = "ex25", "ex25\ex25.vcproj", "{F9620DF5-BC97-4384-A95D-F60C45253A60}"
EndProject
Project("{8BC9CEB8-8B4A-11D0-8D11-00A0C91BC942}") = "ex26", "ex26\ex26.vcproj", "{4DB99C30-15F1-470D-A961-08794F1013DD}"
EndProject
Project("{8BC9CEB8-8B4A-11D0-8D11-00A0C91BC942}") = "ex27", "ex27\ex27.vcproj", "{352FAA8C-E523-465E-B7ED-B6DCBC100B8B}"
EndProject
Project("{8BC9CEB8-8B4A-11D0-8D11-00A0C91BC942}") = "ex28", "ex28\ex28.vcproj", "{2DB6B7AA-6459-4345-8BEF-024D989A736F}"
EndProject
Project("{8BC9CEB8-8B4A-11D0-8D11-00A0C91BC942}") = "ex29", "ex29\ex29.vcproj", "{2A3CF1BD-9E73-4E44-8BAB-949C8AF04CDD}"
EndProject
Project("{8BC9CEB8-8B4A-11D0-8D11-00A0C91BC942}") = "ex30", "ex30\ex30.vcproj", "{8E374BCC-6F45-436B-8317-60683041CA25}"
EndProject
Global
	GlobalSection(SolutionConfigurationPlatforms) = preSolution
		Debug|Win32 = Debug|Win32
		Release|Win32 = Release|Win32
	EndGlobalSection
	GlobalSection(ProjectConfigurationPlatforms) = postSolution
		{78E6BC70-8188-456A-AE71-AECB72E43F91}.Debug|Win32.ActiveCfg = Debug|Win32
		{78E6BC70-8188-456A-AE71-AECB72E43F91}.Debug|Win32.Build.0 = Debug|Win32
		{78E6BC70-8188-456A-AE71-AECB72E43F91}.Release|Win32.ActiveCfg = Release|Win32
		{78E6BC70-8188-456A-AE71-AECB72E43F91}.Release|Win32.Build.0 = Release|Win32
		{A8300357-41FA-4BE4-86D9-6F8DD88AA077}.Debug|Win32.ActiveCfg = Debug|Win32
		{A8300357-41FA-4BE4-86D9-6F8DD88AA077}.Debug|Win32.Build.0 = Debug|Win32
		{A8300357-41FA-4BE4-86D9-6F8DD88AA077}.Release|Win32.ActiveCfg = Release|Win32
		{A8300357-41FA-4BE4-86D9-6F8DD88AA077}.Release|Win32.Build.0 = Release|Win32
		{8C2A748C-0569-448A-B41B-5067968E2E06}.Debug|Win32.ActiveCfg = Debug|Win32
		{8C2A748C-0569-448A-B41B-5067968E2E06}.Debug|Win32.Build.0 = Debug|Win32
		{8C2A748C-0569-448A-B41B-5067968E2E06}.Release|Win32.ActiveCfg = Release|Win32
		{8C2A748C-0569-448A-B41B-5067968E2E06}.Release|Win32.Build.0 = Release|Win32
		{6A7F239D-CE81-4D64-B360-48D3AB6C9D9B}.Debug|Win32.ActiveCfg = Debug|Win32
		{6A7F239D-CE81-4D64-B360-48D3AB6C9D9B}.Debug|Win32.Build.0 = Debug|Win32
		{6A7F239D-CE81-4D64-B360-48D3AB6C9D9B}.Release|Win32.ActiveCfg = Release|Win32
		{6A7F239D-CE81-4D64-B360-48D3AB6C9D9B}.Release|Win32.Build.0 = Release|Win32
		{509E3B7F-D6B7-4A5B-BE61-0F59D124F069}.Debug|Win32.ActiveCfg = Debug|Win32
		{509E3B7F-D6B7-4A5B-BE61-0F59D124F069}.Debug|Win32.Build.0 = Debug|Win32
		{509E3B7F-D6B7-4A5B-BE61-0F59D124F069}.Release|Win32.ActiveCfg = Release|Win32
		{509E3B7F-D6B7-4A5B-BE61-0F59D124F069}.Release|Win32.Build.0 = Release|Win32
		{37ACB522-986F-4818-83A6-A05BFF8A671F}.Debug|Win32.ActiveCfg = Debug|Win32
		{37ACB522-986F-4818-83A6-A05BFF8A671F}.Debug|Win32.Build.0 = Debug|Win32
		{37ACB522-986F-4818-83A6-A05BFF8A671F}.Release|Win32.ActiveCfg = Release|Win32
		{37ACB522-986F-4818-83A6-A05BFF8A671F}.Release|Win32.Build.0 = Release|Win32
		{116194F3-C792-4F44-8856-4E5F1E03CBD2}.Debug|Win32.ActiveCfg = Debug|Win32
		{116194F3-C792-4F44-8856-4E5F1E03CBD2}.Debug|Win32.Build.0 = Debug|Win32
		{116194F3-C792-4F44-8856-4E5F1E03CBD2}.Release|Win32.ActiveCfg = Release|Win32
		{116194F3-C792-4F44-8856-4E5F1E03CBD2}.Release|Win32.Build.0 = Release|Win32
		{323A4049-8111-4335-845B-1EF29933A9A8}.Debug|Win32.ActiveCfg = Debug|Win32
		{323A4049-8111-4335-845B-1EF29933A9A8}.Debug|Win32.Build.0 = Debug|Win32
		{323A4049-8111-4335-845B-1EF29933A9A8}.Release|Win32.ActiveCfg = Release|Win32
		{323A4049-8111-4335-845B-1EF29933A9A8}.Release|Win32.Build.0 = Release|Win32
		{1F205847-3C94-43AE-B2E1-5538755792D4}.Debug|Win32.ActiveCfg = Debug|Win32
		{1F205847-3C94-43AE-B2E1-5538755792D4}.Debug|Win32.Build.0 = Debug|Win32
		{1F205847-3C94-43AE-B2E1-5538755792D4}.Release|Win32.ActiveCfg = Release|Win32
		{1F205847-3C94-43AE-B2E1-5538755792D4}.Release|Win32.Build.0 = Release|Win32
		{92B1FA9D-9300-4AE5-90C3-318FBA893D3C}.Debug|Win32.ActiveCfg = Debug|Win32
		{92B1FA9D-9300-4AE5-90C3-318FBA893D3C}.Debug|Win32.Build.0 = Debug|Win32
		{92B1FA9D-9300-4AE5-90C3-318FBA893D3C}.Release|Win32.ActiveCfg = Release|Win32
		{92B1FA9D-9300-4AE5-90C3-318FBA893D3C}.Release|Win32.Build.0 = Release|Win32
		{723A3F65-B907-40F5-8A4C-7E09C8161ADC}.Debug|Win32.ActiveCfg = Debug|Win32
		{723A3F65-B907-40F5-8A4C-7E09C8161ADC}.Debug|Win32.Build.0 = Debug|Win32
		{723A3F65-B907-40F5-8A4C-7E09C8161ADC}.Release|Win32.ActiveCfg = Release|Win32
		{723A3F65-B907-40F5-8A4C-7E09C8161ADC}.Release|Win32.Build.0 = Release|Win32
		{19D7CEF2-F46A-49B9-9F97-93A701888F97}.Debug|Win32.ActiveCfg = Debug|Win32
		{19D7CEF2-F46A-49B9-9F97-93A701888F97}.Debug|Win32.Build.0 = Debug|Win32
		{19D7CEF2-F46A-49B9-9F97-93A701888F97}.Release|Win32.ActiveCfg = Release|Win32
		{19D7CEF2-F46A-49B9-9F97-93A701888F97}.Release|Win32.Build.0 = Release|Win32
		{EEF19EEA-72F4-4B5D-8C3F-BF02F5DD4A7E}.Debug|Win32.ActiveCfg = Debug|Win32
		{EEF19EEA-72F4-4B5D-8C3F-BF02F5DD4A7E}.Debug|Win32.Build.0 = Debug|Win32
		{EEF19EEA-72F4-4B5D-8C3F-BF02F5DD4A7E}.Release|Win32.ActiveCfg = Release|Win32
		{EEF19EEA-72F4-4B5D-8C3F-BF02F5DD4A7E}.Release|Win32.Build.0 = Release|Win32
		{F9620DF5-BC97-4384-A95D-F60C45253A60}.Debug|Win32.ActiveCfg = Debug|Win32
		{F9620DF5-BC97-4384-A95D-F60C45253A60}.Debug|Win32.Build.0 = Debug|Win32
		{F9620DF5-BC97-4384-A95D-F60C45253A60}.Release|Win32.ActiveCfg = Release|Win32
		{F9620DF5-BC97-4384-A95D-F60C45253A60}.Release|Win32.Build.0 = Release|Win32
		{4DB99C30-15F1-470D-A961-08794F1013DD}.Debug|Win32.ActiveCfg = Debug|Win32
		{4DB99C30-15F1-470D-A961-08794F1013DD}.Debug|Win32.Build.0 = Debug|Win32
		{4DB99C30-15F1-470D-A961-08794F1013DD}.Release|Win32.ActiveCfg = Release|Win32
		{4DB99C30-15F1-470D-A961-08794F1013DD}.Release|Win32.Build.0 = Release|Win32
		{352FAA8C-E523-465E-B7ED-B6DCBC100B8B}.Debug|Win32.ActiveCfg = Debug|Win32
		{352FAA8C-E523-465E-B7ED-B6DCBC100B8B}.Debug|Win32.Build.0 = Debug|Win32
		{352FAA8C-E523-465E-B7ED-B6DCBC100B8B}.Release|Win32.ActiveCfg = Release|Win32
		{352FAA8C-E523-465E-B7ED-B6DCBC100B8B}.Release|Win32.Build.0 = Release|Win32
		{2DB6B7AA-6459-4345-8BEF-024D989A736F}.Debug|Win32.ActiveCfg = Debug|Win32
		{2DB6B7AA-6459-4345-8BEF-024D989A736F}.Debug|Win32.Build.0 = Debug|Win32
		{2DB6B7AA-6459-4345-8BEF-024D989A736F}.Release|Win32.ActiveCfg = Release|Win32
		{2DB6B7AA-6459-4345-8BEF-024D989A736F}.Release|Win32.Build.0 = Release|Win32
		{2A3CF1BD-9E73-4E44-8BAB-949C8AF04CDD}.Debug|Win32.ActiveCfg = Debug|Win32
		{2A3CF1BD-9E73-4E44-8BAB-949C8AF04CDD}.Debug|Win32.Build.0 = Debug|Win32
		{2A3CF1BD-9E73-4E44-8BAB-949C8AF04CDD}.Release|Win32.ActiveCfg = Release|Win32
		{2A3CF1BD-9E73-4E44-8BAB-949C8AF04CDD}.Release|Win32.Build.0 = Release|Win32
		{8E374BCC-6F45-436B-8317-60683041CA25}.Debug|Win32.ActiveCfg = Debug|Win32
		{8E374BCC-6F45-436B-8317-60683041CA25}.Debug|Win32.Build.0 = Debug|Win32
		{8E374BCC-6F45-436B-8317-60683041CA25}.Release|Win32.ActiveCfg = Release|Win32
		{8E374BCC-6F45-436B-8317-60683041CA25}.Release|Win32.Build.0 = Release|Win32
	EndGlobalSection
	GlobalSection(SolutionProperties) = preSolution
		HideSolutionNode = FALSE
	EndGlobalSection
EndGlobal
