
Microsoft Visual Studio Solution File, Format Version 10.00
# Visual Studio 2008
Project("{8BC9CEB8-8B4A-11D0-8D11-00A0C91BC942}") = "Lecture04", "Lecture04\Lecture04.vcproj", "{F364F6BD-865F-4D91-A759-6681B81933B6}"
EndProject
Project("{8BC9CEB8-8B4A-11D0-8D11-00A0C91BC942}") = "p124", "p124\p124.vcproj", "{3E6D9DB7-E4BC-493B-9656-53298D0744D6}"
EndProject
Project("{8BC9CEB8-8B4A-11D0-8D11-00A0C91BC942}") = "p125", "p125\p125.vcproj", "{1397EA3E-5434-43F9-AA52-10F0F6AACEC6}"
EndProject
Project("{8BC9CEB8-8B4A-11D0-8D11-00A0C91BC942}") = "p125-1", "p125-1\p125-1.vcproj", "{71AC7A80-656E-454D-B74E-E932B8853F52}"
EndProject
Project("{8BC9CEB8-8B4A-11D0-8D11-00A0C91BC942}") = "p129", "p129\p129.vcproj", "{4EF8B5FD-3322-4A24-99B9-B3B9C6F73D96}"
EndProject
Project("{8BC9CEB8-8B4A-11D0-8D11-00A0C91BC942}") = "p130", "p130\p130.vcproj", "{E4DDA9C6-05D3-4495-B07E-C9DA8C4A4B17}"
EndProject
Project("{8BC9CEB8-8B4A-11D0-8D11-00A0C91BC942}") = "p131", "p131\p131.vcproj", "{003E7DF1-0E8F-4154-A366-DD4836722399}"
EndProject
Project("{8BC9CEB8-8B4A-11D0-8D11-00A0C91BC942}") = "p133", "p133\p133.vcproj", "{ED16D337-3FA4-45D5-A946-2FD9B05ECF07}"
EndProject
Project("{8BC9CEB8-8B4A-11D0-8D11-00A0C91BC942}") = "p133-1", "p133-1\p133-1.vcproj", "{8C299AAF-B0DB-4497-A5CE-7D4DFC4B0FA0}"
EndProject
Project("{8BC9CEB8-8B4A-11D0-8D11-00A0C91BC942}") = "p134", "p134\p134.vcproj", "{BFA16725-F561-4855-9EB4-078076489B93}"
EndProject
Project("{8BC9CEB8-8B4A-11D0-8D11-00A0C91BC942}") = "p135", "p135\p135.vcproj", "{DF632CA9-85DD-490F-A72D-342889CA0AE9}"
EndProject
Project("{8BC9CEB8-8B4A-11D0-8D11-00A0C91BC942}") = "p135-1", "p135-1\p135-1.vcproj", "{B79E179D-56F9-4730-A66A-90F474A3F2FE}"
EndProject
Project("{8BC9CEB8-8B4A-11D0-8D11-00A0C91BC942}") = "p137", "p137\p137.vcproj", "{1D51B370-9811-446B-9B8B-633C2BB47C17}"
EndProject
Project("{8BC9CEB8-8B4A-11D0-8D11-00A0C91BC942}") = "p138", "p138\p138.vcproj", "{94F0B66D-17F2-405D-ADA3-EDD4B84528DC}"
EndProject
Project("{8BC9CEB8-8B4A-11D0-8D11-00A0C91BC942}") = "p139", "p139\p139.vcproj", "{BD39775C-6C87-4653-AFD8-13687100DB65}"
EndProject
Project("{8BC9CEB8-8B4A-11D0-8D11-00A0C91BC942}") = "ex01", "ex01\ex01.vcproj", "{B65B7E91-636B-4683-83CE-E61135A49262}"
EndProject
Project("{8BC9CEB8-8B4A-11D0-8D11-00A0C91BC942}") = "ex02", "ex02\ex02.vcproj", "{5FC67892-D93A-48AB-B9B4-F2FC1BB62297}"
EndProject
Project("{8BC9CEB8-8B4A-11D0-8D11-00A0C91BC942}") = "ex08-a", "ex08\ex08.vcproj", "{9B89B812-A05A-4DF3-8046-8741F89765C2}"
EndProject
Project("{8BC9CEB8-8B4A-11D0-8D11-00A0C91BC942}") = "ex08-c", "ex08-c\ex08-c.vcproj", "{6609B95B-633E-476B-8D41-620815244D42}"
EndProject
Project("{8BC9CEB8-8B4A-11D0-8D11-00A0C91BC942}") = "ex21", "ex21\ex21.vcproj", "{7191D7AC-A02F-4CE1-94A4-36BA61DC23D1}"
EndProject
Project("{8BC9CEB8-8B4A-11D0-8D11-00A0C91BC942}") = "ex23", "ex23\ex23.vcproj", "{3B714410-65CB-41F9-B1CD-EBD1E7D0E92A}"
EndProject
Project("{8BC9CEB8-8B4A-11D0-8D11-00A0C91BC942}") = "ex24", "ex24\ex24.vcproj", "{31DEE4FE-DECB-48C3-8778-104436103038}"
EndProject
Project("{8BC9CEB8-8B4A-11D0-8D11-00A0C91BC942}") = "ex26", "ex26\ex26.vcproj", "{D8995C1A-B971-4572-8005-EADD932BBE97}"
EndProject
Global
	GlobalSection(SolutionConfigurationPlatforms) = preSolution
		Debug|Win32 = Debug|Win32
		Release|Win32 = Release|Win32
	EndGlobalSection
	GlobalSection(ProjectConfigurationPlatforms) = postSolution
		{F364F6BD-865F-4D91-A759-6681B81933B6}.Debug|Win32.ActiveCfg = Debug|Win32
		{F364F6BD-865F-4D91-A759-6681B81933B6}.Debug|Win32.Build.0 = Debug|Win32
		{F364F6BD-865F-4D91-A759-6681B81933B6}.Release|Win32.ActiveCfg = Release|Win32
		{F364F6BD-865F-4D91-A759-6681B81933B6}.Release|Win32.Build.0 = Release|Win32
		{3E6D9DB7-E4BC-493B-9656-53298D0744D6}.Debug|Win32.ActiveCfg = Debug|Win32
		{3E6D9DB7-E4BC-493B-9656-53298D0744D6}.Debug|Win32.Build.0 = Debug|Win32
		{3E6D9DB7-E4BC-493B-9656-53298D0744D6}.Release|Win32.ActiveCfg = Release|Win32
		{3E6D9DB7-E4BC-493B-9656-53298D0744D6}.Release|Win32.Build.0 = Release|Win32
		{1397EA3E-5434-43F9-AA52-10F0F6AACEC6}.Debug|Win32.ActiveCfg = Debug|Win32
		{1397EA3E-5434-43F9-AA52-10F0F6AACEC6}.Debug|Win32.Build.0 = Debug|Win32
		{1397EA3E-5434-43F9-AA52-10F0F6AACEC6}.Release|Win32.ActiveCfg = Release|Win32
		{1397EA3E-5434-43F9-AA52-10F0F6AACEC6}.Release|Win32.Build.0 = Release|Win32
		{71AC7A80-656E-454D-B74E-E932B8853F52}.Debug|Win32.ActiveCfg = Debug|Win32
		{71AC7A80-656E-454D-B74E-E932B8853F52}.Debug|Win32.Build.0 = Debug|Win32
		{71AC7A80-656E-454D-B74E-E932B8853F52}.Release|Win32.ActiveCfg = Release|Win32
		{71AC7A80-656E-454D-B74E-E932B8853F52}.Release|Win32.Build.0 = Release|Win32
		{4EF8B5FD-3322-4A24-99B9-B3B9C6F73D96}.Debug|Win32.ActiveCfg = Debug|Win32
		{4EF8B5FD-3322-4A24-99B9-B3B9C6F73D96}.Debug|Win32.Build.0 = Debug|Win32
		{4EF8B5FD-3322-4A24-99B9-B3B9C6F73D96}.Release|Win32.ActiveCfg = Release|Win32
		{4EF8B5FD-3322-4A24-99B9-B3B9C6F73D96}.Release|Win32.Build.0 = Release|Win32
		{E4DDA9C6-05D3-4495-B07E-C9DA8C4A4B17}.Debug|Win32.ActiveCfg = Debug|Win32
		{E4DDA9C6-05D3-4495-B07E-C9DA8C4A4B17}.Debug|Win32.Build.0 = Debug|Win32
		{E4DDA9C6-05D3-4495-B07E-C9DA8C4A4B17}.Release|Win32.ActiveCfg = Release|Win32
		{E4DDA9C6-05D3-4495-B07E-C9DA8C4A4B17}.Release|Win32.Build.0 = Release|Win32
		{003E7DF1-0E8F-4154-A366-DD4836722399}.Debug|Win32.ActiveCfg = Debug|Win32
		{003E7DF1-0E8F-4154-A366-DD4836722399}.Debug|Win32.Build.0 = Debug|Win32
		{003E7DF1-0E8F-4154-A366-DD4836722399}.Release|Win32.ActiveCfg = Release|Win32
		{003E7DF1-0E8F-4154-A366-DD4836722399}.Release|Win32.Build.0 = Release|Win32
		{ED16D337-3FA4-45D5-A946-2FD9B05ECF07}.Debug|Win32.ActiveCfg = Debug|Win32
		{ED16D337-3FA4-45D5-A946-2FD9B05ECF07}.Debug|Win32.Build.0 = Debug|Win32
		{ED16D337-3FA4-45D5-A946-2FD9B05ECF07}.Release|Win32.ActiveCfg = Release|Win32
		{ED16D337-3FA4-45D5-A946-2FD9B05ECF07}.Release|Win32.Build.0 = Release|Win32
		{8C299AAF-B0DB-4497-A5CE-7D4DFC4B0FA0}.Debug|Win32.ActiveCfg = Debug|Win32
		{8C299AAF-B0DB-4497-A5CE-7D4DFC4B0FA0}.Debug|Win32.Build.0 = Debug|Win32
		{8C299AAF-B0DB-4497-A5CE-7D4DFC4B0FA0}.Release|Win32.ActiveCfg = Release|Win32
		{8C299AAF-B0DB-4497-A5CE-7D4DFC4B0FA0}.Release|Win32.Build.0 = Release|Win32
		{BFA16725-F561-4855-9EB4-078076489B93}.Debug|Win32.ActiveCfg = Debug|Win32
		{BFA16725-F561-4855-9EB4-078076489B93}.Debug|Win32.Build.0 = Debug|Win32
		{BFA16725-F561-4855-9EB4-078076489B93}.Release|Win32.ActiveCfg = Release|Win32
		{BFA16725-F561-4855-9EB4-078076489B93}.Release|Win32.Build.0 = Release|Win32
		{DF632CA9-85DD-490F-A72D-342889CA0AE9}.Debug|Win32.ActiveCfg = Debug|Win32
		{DF632CA9-85DD-490F-A72D-342889CA0AE9}.Debug|Win32.Build.0 = Debug|Win32
		{DF632CA9-85DD-490F-A72D-342889CA0AE9}.Release|Win32.ActiveCfg = Release|Win32
		{DF632CA9-85DD-490F-A72D-342889CA0AE9}.Release|Win32.Build.0 = Release|Win32
		{B79E179D-56F9-4730-A66A-90F474A3F2FE}.Debug|Win32.ActiveCfg = Debug|Win32
		{B79E179D-56F9-4730-A66A-90F474A3F2FE}.Debug|Win32.Build.0 = Debug|Win32
		{B79E179D-56F9-4730-A66A-90F474A3F2FE}.Release|Win32.ActiveCfg = Release|Win32
		{B79E179D-56F9-4730-A66A-90F474A3F2FE}.Release|Win32.Build.0 = Release|Win32
		{1D51B370-9811-446B-9B8B-633C2BB47C17}.Debug|Win32.ActiveCfg = Debug|Win32
		{1D51B370-9811-446B-9B8B-633C2BB47C17}.Debug|Win32.Build.0 = Debug|Win32
		{1D51B370-9811-446B-9B8B-633C2BB47C17}.Release|Win32.ActiveCfg = Release|Win32
		{1D51B370-9811-446B-9B8B-633C2BB47C17}.Release|Win32.Build.0 = Release|Win32
		{94F0B66D-17F2-405D-ADA3-EDD4B84528DC}.Debug|Win32.ActiveCfg = Debug|Win32
		{94F0B66D-17F2-405D-ADA3-EDD4B84528DC}.Debug|Win32.Build.0 = Debug|Win32
		{94F0B66D-17F2-405D-ADA3-EDD4B84528DC}.Release|Win32.ActiveCfg = Release|Win32
		{94F0B66D-17F2-405D-ADA3-EDD4B84528DC}.Release|Win32.Build.0 = Release|Win32
		{BD39775C-6C87-4653-AFD8-13687100DB65}.Debug|Win32.ActiveCfg = Debug|Win32
		{BD39775C-6C87-4653-AFD8-13687100DB65}.Debug|Win32.Build.0 = Debug|Win32
		{BD39775C-6C87-4653-AFD8-13687100DB65}.Release|Win32.ActiveCfg = Release|Win32
		{BD39775C-6C87-4653-AFD8-13687100DB65}.Release|Win32.Build.0 = Release|Win32
		{B65B7E91-636B-4683-83CE-E61135A49262}.Debug|Win32.ActiveCfg = Debug|Win32
		{B65B7E91-636B-4683-83CE-E61135A49262}.Debug|Win32.Build.0 = Debug|Win32
		{B65B7E91-636B-4683-83CE-E61135A49262}.Release|Win32.ActiveCfg = Release|Win32
		{B65B7E91-636B-4683-83CE-E61135A49262}.Release|Win32.Build.0 = Release|Win32
		{5FC67892-D93A-48AB-B9B4-F2FC1BB62297}.Debug|Win32.ActiveCfg = Debug|Win32
		{5FC67892-D93A-48AB-B9B4-F2FC1BB62297}.Debug|Win32.Build.0 = Debug|Win32
		{5FC67892-D93A-48AB-B9B4-F2FC1BB62297}.Release|Win32.ActiveCfg = Release|Win32
		{5FC67892-D93A-48AB-B9B4-F2FC1BB62297}.Release|Win32.Build.0 = Release|Win32
		{9B89B812-A05A-4DF3-8046-8741F89765C2}.Debug|Win32.ActiveCfg = Debug|Win32
		{9B89B812-A05A-4DF3-8046-8741F89765C2}.Debug|Win32.Build.0 = Debug|Win32
		{9B89B812-A05A-4DF3-8046-8741F89765C2}.Release|Win32.ActiveCfg = Release|Win32
		{9B89B812-A05A-4DF3-8046-8741F89765C2}.Release|Win32.Build.0 = Release|Win32
		{6609B95B-633E-476B-8D41-620815244D42}.Debug|Win32.ActiveCfg = Debug|Win32
		{6609B95B-633E-476B-8D41-620815244D42}.Debug|Win32.Build.0 = Debug|Win32
		{6609B95B-633E-476B-8D41-620815244D42}.Release|Win32.ActiveCfg = Release|Win32
		{6609B95B-633E-476B-8D41-620815244D42}.Release|Win32.Build.0 = Release|Win32
		{7191D7AC-A02F-4CE1-94A4-36BA61DC23D1}.Debug|Win32.ActiveCfg = Debug|Win32
		{7191D7AC-A02F-4CE1-94A4-36BA61DC23D1}.Debug|Win32.Build.0 = Debug|Win32
		{7191D7AC-A02F-4CE1-94A4-36BA61DC23D1}.Release|Win32.ActiveCfg = Release|Win32
		{7191D7AC-A02F-4CE1-94A4-36BA61DC23D1}.Release|Win32.Build.0 = Release|Win32
		{3B714410-65CB-41F9-B1CD-EBD1E7D0E92A}.Debug|Win32.ActiveCfg = Debug|Win32
		{3B714410-65CB-41F9-B1CD-EBD1E7D0E92A}.Debug|Win32.Build.0 = Debug|Win32
		{3B714410-65CB-41F9-B1CD-EBD1E7D0E92A}.Release|Win32.ActiveCfg = Release|Win32
		{3B714410-65CB-41F9-B1CD-EBD1E7D0E92A}.Release|Win32.Build.0 = Release|Win32
		{31DEE4FE-DECB-48C3-8778-104436103038}.Debug|Win32.ActiveCfg = Debug|Win32
		{31DEE4FE-DECB-48C3-8778-104436103038}.Debug|Win32.Build.0 = Debug|Win32
		{31DEE4FE-DECB-48C3-8778-104436103038}.Release|Win32.ActiveCfg = Release|Win32
		{31DEE4FE-DECB-48C3-8778-104436103038}.Release|Win32.Build.0 = Release|Win32
		{D8995C1A-B971-4572-8005-EADD932BBE97}.Debug|Win32.ActiveCfg = Debug|Win32
		{D8995C1A-B971-4572-8005-EADD932BBE97}.Debug|Win32.Build.0 = Debug|Win32
		{D8995C1A-B971-4572-8005-EADD932BBE97}.Release|Win32.ActiveCfg = Release|Win32
		{D8995C1A-B971-4572-8005-EADD932BBE97}.Release|Win32.Build.0 = Release|Win32
	EndGlobalSection
	GlobalSection(SolutionProperties) = preSolution
		HideSolutionNode = FALSE
	EndGlobalSection
EndGlobal
